// !$*UTF8*$!
{
	archiveVersion = 1;
	classes = {
	};
	objectVersion = 45;
	objects = {

/* Begin PBXBuildFile section */
		1D3623260D0F684500981E51 /* MobilBloggAppDelegate.m in Sources */ = {isa = PBXBuildFile; fileRef = 1D3623250D0F684500981E51 /* MobilBloggAppDelegate.m */; };
		1D60589B0D05DD56006BFB54 /* main.m in Sources */ = {isa = PBXBuildFile; fileRef = 29B97316FDCFA39411CA2CEA /* main.m */; };
		1D60589F0D05DD5A006BFB54 /* Foundation.framework in Frameworks */ = {isa = PBXBuildFile; fileRef = 1D30AB110D05D00D00671497 /* Foundation.framework */; };
		1DF5F4E00D08C38300B7A737 /* UIKit.framework in Frameworks */ = {isa = PBXBuildFile; fileRef = 1DF5F4DF0D08C38300B7A737 /* UIKit.framework */; };
		288765FD0DF74451002DB57D /* CoreGraphics.framework in Frameworks */ = {isa = PBXBuildFile; fileRef = 288765FC0DF74451002DB57D /* CoreGraphics.framework */; };
		610608FD10AB5E5700927027 /* BlogListTabController.m in Sources */ = {isa = PBXBuildFile; fileRef = 610608FC10AB5E5700927027 /* BlogListTabController.m */; };
		6114531C10AC438800DADDD6 /* 41-picture-frame.png in Resources */ = {isa = PBXBuildFile; fileRef = 6114531A10AC438800DADDD6 /* 41-picture-frame.png */; };
		6114531D10AC438800DADDD6 /* 42-photos.png in Resources */ = {isa = PBXBuildFile; fileRef = 6114531B10AC438800DADDD6 /* 42-photos.png */; };
		6114534210AC4CE400DADDD6 /* BlogListThumbsController.m in Sources */ = {isa = PBXBuildFile; fileRef = 6114534110AC4CE400DADDD6 /* BlogListThumbsController.m */; };
		6114535110AC4ED400DADDD6 /* BlogListThumbsDataSource.m in Sources */ = {isa = PBXBuildFile; fileRef = 6114535010AC4ED400DADDD6 /* BlogListThumbsDataSource.m */; settings = {COMPILER_FLAGS = "-w"; }; };
		6114544310AC61B800DADDD6 /* Icon.png in Resources */ = {isa = PBXBuildFile; fileRef = 6114544210AC61B800DADDD6 /* Icon.png */; };
		611456DA10ACAF1F00DADDD6 /* MBTablePhotoItem.m in Sources */ = {isa = PBXBuildFile; fileRef = 611456D810ACAF1F00DADDD6 /* MBTablePhotoItem.m */; };
		611456E010ACAF7100DADDD6 /* MBUser.m in Sources */ = {isa = PBXBuildFile; fileRef = 611456DF10ACAF7100DADDD6 /* MBUser.m */; };
		611456E310ACB1B400DADDD6 /* MBConnectionRoot.m in Sources */ = {isa = PBXBuildFile; fileRef = 611456E210ACB1B400DADDD6 /* MBConnectionRoot.m */; };
		61145AB710ADC55C00DADDD6 /* ProfileViewController.m in Sources */ = {isa = PBXBuildFile; fileRef = 61145AB610ADC55C00DADDD6 /* ProfileViewController.m */; };
		61145AFB10ADCAA100DADDD6 /* usericon.png in Resources */ = {isa = PBXBuildFile; fileRef = 61145AFA10ADCAA100DADDD6 /* usericon.png */; };
		613479811092136800DD5DE7 /* MBBlogListResponse.m in Sources */ = {isa = PBXBuildFile; fileRef = 6134797D1092136800DD5DE7 /* MBBlogListResponse.m */; };
		613479821092136800DD5DE7 /* MBStore.m in Sources */ = {isa = PBXBuildFile; fileRef = 6134797F1092136800DD5DE7 /* MBStore.m */; };
		613479881092138000DD5DE7 /* GTMNSString+URLArguments.m in Sources */ = {isa = PBXBuildFile; fileRef = 613479831092138000DD5DE7 /* GTMNSString+URLArguments.m */; };
		613479891092138000DD5DE7 /* GTMNSDictionary+URLArguments.m in Sources */ = {isa = PBXBuildFile; fileRef = 613479851092138000DD5DE7 /* GTMNSDictionary+URLArguments.m */; };
		613479A7109217AA00DD5DE7 /* BlogListDataSource.m in Sources */ = {isa = PBXBuildFile; fileRef = 613479A6109217AA00DD5DE7 /* BlogListDataSource.m */; };
		61347A811092417D00DD5DE7 /* ShowPictureController.m in Sources */ = {isa = PBXBuildFile; fileRef = 61347A801092417D00DD5DE7 /* ShowPictureController.m */; };
		61347D711093352100DD5DE7 /* MBPhoto.m in Sources */ = {isa = PBXBuildFile; fileRef = 61347D701093352100DD5DE7 /* MBPhoto.m */; };
		61347E881093466D00DD5DE7 /* CommentViewController.m in Sources */ = {isa = PBXBuildFile; fileRef = 61347E871093466D00DD5DE7 /* CommentViewController.m */; };
		61347FCE10957E3800DD5DE7 /* RootController.m in Sources */ = {isa = PBXBuildFile; fileRef = 614462F010901C3D00AD9801 /* RootController.m */; };
		6134802210960AF200DD5DE7 /* Localizable.strings in Resources */ = {isa = PBXBuildFile; fileRef = 6134801E10960AF200DD5DE7 /* Localizable.strings */; };
		613A375810B0839500A91801 /* MBCommentResponse.m in Sources */ = {isa = PBXBuildFile; fileRef = 613A375710B0839500A91801 /* MBCommentResponse.m */; };
		613A376510B086B900A91801 /* MBComment.m in Sources */ = {isa = PBXBuildFile; fileRef = 613A376410B086B900A91801 /* MBComment.m */; };
		613A379510B0896A00A91801 /* CommentDataSource.m in Sources */ = {isa = PBXBuildFile; fileRef = 613A379410B0896A00A91801 /* CommentDataSource.m */; };
		6144629C109019E100AD9801 /* NSObject+SBJSON.m in Sources */ = {isa = PBXBuildFile; fileRef = 61446291109019E100AD9801 /* NSObject+SBJSON.m */; };
		6144629D109019E100AD9801 /* NSString+SBJSON.m in Sources */ = {isa = PBXBuildFile; fileRef = 61446293109019E100AD9801 /* NSString+SBJSON.m */; };
		6144629E109019E100AD9801 /* SBJSON.m in Sources */ = {isa = PBXBuildFile; fileRef = 61446295109019E100AD9801 /* SBJSON.m */; };
		6144629F109019E100AD9801 /* SBJsonBase.m in Sources */ = {isa = PBXBuildFile; fileRef = 61446297109019E100AD9801 /* SBJsonBase.m */; };
		614462A0109019E100AD9801 /* SBJsonParser.m in Sources */ = {isa = PBXBuildFile; fileRef = 61446299109019E100AD9801 /* SBJsonParser.m */; };
		614462A1109019E100AD9801 /* SBJsonWriter.m in Sources */ = {isa = PBXBuildFile; fileRef = 6144629B109019E100AD9801 /* SBJsonWriter.m */; };
		614462E710901B5300AD9801 /* QuartzCore.framework in Frameworks */ = {isa = PBXBuildFile; fileRef = 614462E610901B5300AD9801 /* QuartzCore.framework */; };
		61446323109020A200AD9801 /* libThree20.a in Frameworks */ = {isa = PBXBuildFile; fileRef = 614462B510901ADC00AD9801 /* libThree20.a */; };
		6165922E10A80DC200B1FE8D /* Three20.bundle in Resources */ = {isa = PBXBuildFile; fileRef = 6165922D10A80DC200B1FE8D /* Three20.bundle */; };
		6165925C10A80EBD00B1FE8D /* UserConfigController.m in Sources */ = {isa = PBXBuildFile; fileRef = 6165925B10A80EBD00B1FE8D /* UserConfigController.m */; };
		616592FC10A8344000B1FE8D /* GotoUserController.m in Sources */ = {isa = PBXBuildFile; fileRef = 616592FB10A8344000B1FE8D /* GotoUserController.m */; };
		6165944810A84A3000B1FE8D /* AboutController.m in Sources */ = {isa = PBXBuildFile; fileRef = 6165944710A84A3000B1FE8D /* AboutController.m */; };
		616594D010A854A600B1FE8D /* ShowPictureInfoController.m in Sources */ = {isa = PBXBuildFile; fileRef = 616594CF10A854A600B1FE8D /* ShowPictureInfoController.m */; };
		616BDB5610AEE91D005E82A6 /* FavoritesDataSource.m in Sources */ = {isa = PBXBuildFile; fileRef = 616BDB5510AEE91D005E82A6 /* FavoritesDataSource.m */; };
		619C698B10A9A28F008FB797 /* Entitlements.plist in Resources */ = {isa = PBXBuildFile; fileRef = 619C698A10A9A28F008FB797 /* Entitlements.plist */; };
		61BE24391090B20C00D76E03 /* BlogListController.m in Sources */ = {isa = PBXBuildFile; fileRef = 61BE24381090B20C00D76E03 /* BlogListController.m */; };
		61BE258F1091DAF600D76E03 /* BlogListModel.m in Sources */ = {isa = PBXBuildFile; fileRef = 61BE258E1091DAF600D76E03 /* BlogListModel.m */; };
		61CFC88D10B08E38008FEBF2 /* CommentModel.m in Sources */ = {isa = PBXBuildFile; fileRef = 61CFC88C10B08E38008FEBF2 /* CommentModel.m */; };
		61CFC95110B1B5DC008FEBF2 /* MBCommentItemCell.m in Sources */ = {isa = PBXBuildFile; fileRef = 61CFC95010B1B5DC008FEBF2 /* MBCommentItemCell.m */; };
		61D99AD210B3364D00A5525A /* PhotoViewController.m in Sources */ = {isa = PBXBuildFile; fileRef = 61D99AD110B3364D00A5525A /* PhotoViewController.m */; };
		61E0D48D10A430A800809C22 /* MBLogin.m in Sources */ = {isa = PBXBuildFile; fileRef = 61E0D48C10A430A800809C22 /* MBLogin.m */; };
		61E0D4E810A4549800809C22 /* SFHFKeychainUtils.m in Sources */ = {isa = PBXBuildFile; fileRef = 61E0D4E610A4549800809C22 /* SFHFKeychainUtils.m */; };
		61E0D50610A4567E00809C22 /* Security.framework in Frameworks */ = {isa = PBXBuildFile; fileRef = 61E0D50510A4567E00809C22 /* Security.framework */; };
/* End PBXBuildFile section */

/* Begin PBXContainerItemProxy section */
		614462B410901ADC00AD9801 /* PBXContainerItemProxy */ = {
			isa = PBXContainerItemProxy;
			containerPortal = 614462AD10901ADC00AD9801 /* Three20.xcodeproj */;
			proxyType = 2;
			remoteGlobalIDString = BEF31F3A0F352DF5000DE5D2;
			remoteInfo = Three20;
		};
		614463211090208100AD9801 /* PBXContainerItemProxy */ = {
			isa = PBXContainerItemProxy;
			containerPortal = 614462AD10901ADC00AD9801 /* Three20.xcodeproj */;
			proxyType = 1;
			remoteGlobalIDString = BEF31F390F352DF5000DE5D2;
			remoteInfo = Three20;
		};
/* End PBXContainerItemProxy section */

/* Begin PBXFileReference section */
		1D30AB110D05D00D00671497 /* Foundation.framework */ = {isa = PBXFileReference; lastKnownFileType = wrapper.framework; name = Foundation.framework; path = System/Library/Frameworks/Foundation.framework; sourceTree = SDKROOT; };
		1D3623240D0F684500981E51 /* MobilBloggAppDelegate.h */ = {isa = PBXFileReference; fileEncoding = 4; lastKnownFileType = sourcecode.c.h; path = MobilBloggAppDelegate.h; sourceTree = "<group>"; };
		1D3623250D0F684500981E51 /* MobilBloggAppDelegate.m */ = {isa = PBXFileReference; fileEncoding = 4; lastKnownFileType = sourcecode.c.objc; path = MobilBloggAppDelegate.m; sourceTree = "<group>"; };
		1D6058910D05DD3D006BFB54 /* MobilBlogg.app */ = {isa = PBXFileReference; explicitFileType = wrapper.application; includeInIndex = 0; path = MobilBlogg.app; sourceTree = BUILT_PRODUCTS_DIR; };
		1DF5F4DF0D08C38300B7A737 /* UIKit.framework */ = {isa = PBXFileReference; lastKnownFileType = wrapper.framework; name = UIKit.framework; path = System/Library/Frameworks/UIKit.framework; sourceTree = SDKROOT; };
		288765FC0DF74451002DB57D /* CoreGraphics.framework */ = {isa = PBXFileReference; lastKnownFileType = wrapper.framework; name = CoreGraphics.framework; path = System/Library/Frameworks/CoreGraphics.framework; sourceTree = SDKROOT; };
		29B97316FDCFA39411CA2CEA /* main.m */ = {isa = PBXFileReference; fileEncoding = 4; lastKnownFileType = sourcecode.c.objc; path = main.m; sourceTree = "<group>"; };
		32CA4F630368D1EE00C91783 /* MobilBlogg_Prefix.pch */ = {isa = PBXFileReference; fileEncoding = 4; lastKnownFileType = sourcecode.c.h; path = MobilBlogg_Prefix.pch; sourceTree = "<group>"; };
		610608FB10AB5E5700927027 /* BlogListTabController.h */ = {isa = PBXFileReference; fileEncoding = 4; lastKnownFileType = sourcecode.c.h; path = BlogListTabController.h; sourceTree = "<group>"; };
		610608FC10AB5E5700927027 /* BlogListTabController.m */ = {isa = PBXFileReference; fileEncoding = 4; lastKnownFileType = sourcecode.c.objc; path = BlogListTabController.m; sourceTree = "<group>"; };
		6114531A10AC438800DADDD6 /* 41-picture-frame.png */ = {isa = PBXFileReference; lastKnownFileType = image.png; name = "41-picture-frame.png"; path = "Classes/41-picture-frame.png"; sourceTree = "<group>"; };
		6114531B10AC438800DADDD6 /* 42-photos.png */ = {isa = PBXFileReference; lastKnownFileType = image.png; name = "42-photos.png"; path = "Classes/42-photos.png"; sourceTree = "<group>"; };
		6114534010AC4CE400DADDD6 /* BlogListThumbsController.h */ = {isa = PBXFileReference; fileEncoding = 4; lastKnownFileType = sourcecode.c.h; path = BlogListThumbsController.h; sourceTree = "<group>"; };
		6114534110AC4CE400DADDD6 /* BlogListThumbsController.m */ = {isa = PBXFileReference; fileEncoding = 4; lastKnownFileType = sourcecode.c.objc; path = BlogListThumbsController.m; sourceTree = "<group>"; };
		6114534F10AC4ED400DADDD6 /* BlogListThumbsDataSource.h */ = {isa = PBXFileReference; fileEncoding = 4; lastKnownFileType = sourcecode.c.h; path = BlogListThumbsDataSource.h; sourceTree = "<group>"; };
		6114535010AC4ED400DADDD6 /* BlogListThumbsDataSource.m */ = {isa = PBXFileReference; explicitFileType = sourcecode.c.objc; fileEncoding = 4; path = BlogListThumbsDataSource.m; sourceTree = "<group>"; };
		6114544210AC61B800DADDD6 /* Icon.png */ = {isa = PBXFileReference; lastKnownFileType = image.png; path = Icon.png; sourceTree = "<group>"; };
		611456D810ACAF1F00DADDD6 /* MBTablePhotoItem.m */ = {isa = PBXFileReference; fileEncoding = 4; lastKnownFileType = sourcecode.c.objc; name = MBTablePhotoItem.m; path = MBAPI/MBTablePhotoItem.m; sourceTree = "<group>"; };
		611456D910ACAF1F00DADDD6 /* MBTablePhotoItem.h */ = {isa = PBXFileReference; fileEncoding = 4; lastKnownFileType = sourcecode.c.h; name = MBTablePhotoItem.h; path = MBAPI/MBTablePhotoItem.h; sourceTree = "<group>"; };
		611456DE10ACAF7100DADDD6 /* MBUser.h */ = {isa = PBXFileReference; fileEncoding = 4; lastKnownFileType = sourcecode.c.h; name = MBUser.h; path = MBAPI/MBUser.h; sourceTree = "<group>"; };
		611456DF10ACAF7100DADDD6 /* MBUser.m */ = {isa = PBXFileReference; fileEncoding = 4; lastKnownFileType = sourcecode.c.objc; name = MBUser.m; path = MBAPI/MBUser.m; sourceTree = "<group>"; };
		611456E110ACB1B400DADDD6 /* MBConnectionRoot.h */ = {isa = PBXFileReference; fileEncoding = 4; lastKnownFileType = sourcecode.c.h; name = MBConnectionRoot.h; path = MBAPI/MBConnectionRoot.h; sourceTree = "<group>"; };
		611456E210ACB1B400DADDD6 /* MBConnectionRoot.m */ = {isa = PBXFileReference; fileEncoding = 4; lastKnownFileType = sourcecode.c.objc; name = MBConnectionRoot.m; path = MBAPI/MBConnectionRoot.m; sourceTree = "<group>"; };
		61145AB510ADC55C00DADDD6 /* ProfileViewController.h */ = {isa = PBXFileReference; fileEncoding = 4; lastKnownFileType = sourcecode.c.h; path = ProfileViewController.h; sourceTree = "<group>"; };
		61145AB610ADC55C00DADDD6 /* ProfileViewController.m */ = {isa = PBXFileReference; fileEncoding = 4; lastKnownFileType = sourcecode.c.objc; path = ProfileViewController.m; sourceTree = "<group>"; };
		61145AFA10ADCAA100DADDD6 /* usericon.png */ = {isa = PBXFileReference; lastKnownFileType = image.png; path = usericon.png; sourceTree = SOURCE_ROOT; };
		6134797D1092136800DD5DE7 /* MBBlogListResponse.m */ = {isa = PBXFileReference; fileEncoding = 4; lastKnownFileType = sourcecode.c.objc; name = MBBlogListResponse.m; path = MBAPI/MBBlogListResponse.m; sourceTree = "<group>"; };
		6134797E1092136800DD5DE7 /* MBBlogListResponse.h */ = {isa = PBXFileReference; fileEncoding = 4; lastKnownFileType = sourcecode.c.h; name = MBBlogListResponse.h; path = MBAPI/MBBlogListResponse.h; sourceTree = "<group>"; };
		6134797F1092136800DD5DE7 /* MBStore.m */ = {isa = PBXFileReference; fileEncoding = 4; lastKnownFileType = sourcecode.c.objc; name = MBStore.m; path = MBAPI/MBStore.m; sourceTree = "<group>"; };
		613479801092136800DD5DE7 /* MBStore.h */ = {isa = PBXFileReference; fileEncoding = 4; lastKnownFileType = sourcecode.c.h; name = MBStore.h; path = MBAPI/MBStore.h; sourceTree = "<group>"; };
		613479831092138000DD5DE7 /* GTMNSString+URLArguments.m */ = {isa = PBXFileReference; fileEncoding = 4; lastKnownFileType = sourcecode.c.objc; name = "GTMNSString+URLArguments.m"; path = "GTM/GTMNSString+URLArguments.m"; sourceTree = "<group>"; };
		613479841092138000DD5DE7 /* GTMNSString+URLArguments.h */ = {isa = PBXFileReference; fileEncoding = 4; lastKnownFileType = sourcecode.c.h; name = "GTMNSString+URLArguments.h"; path = "GTM/GTMNSString+URLArguments.h"; sourceTree = "<group>"; };
		613479851092138000DD5DE7 /* GTMNSDictionary+URLArguments.m */ = {isa = PBXFileReference; fileEncoding = 4; lastKnownFileType = sourcecode.c.objc; name = "GTMNSDictionary+URLArguments.m"; path = "GTM/GTMNSDictionary+URLArguments.m"; sourceTree = "<group>"; };
		613479861092138000DD5DE7 /* GTMNSDictionary+URLArguments.h */ = {isa = PBXFileReference; fileEncoding = 4; lastKnownFileType = sourcecode.c.h; name = "GTMNSDictionary+URLArguments.h"; path = "GTM/GTMNSDictionary+URLArguments.h"; sourceTree = "<group>"; };
		613479871092138000DD5DE7 /* GTMDefines.h */ = {isa = PBXFileReference; fileEncoding = 4; lastKnownFileType = sourcecode.c.h; name = GTMDefines.h; path = GTM/GTMDefines.h; sourceTree = "<group>"; };
		613479A5109217AA00DD5DE7 /* BlogListDataSource.h */ = {isa = PBXFileReference; fileEncoding = 4; lastKnownFileType = sourcecode.c.h; path = BlogListDataSource.h; sourceTree = "<group>"; };
		613479A6109217AA00DD5DE7 /* BlogListDataSource.m */ = {isa = PBXFileReference; fileEncoding = 4; lastKnownFileType = sourcecode.c.objc; path = BlogListDataSource.m; sourceTree = "<group>"; };
		61347A7F1092417D00DD5DE7 /* ShowPictureController.h */ = {isa = PBXFileReference; fileEncoding = 4; lastKnownFileType = sourcecode.c.h; path = ShowPictureController.h; sourceTree = "<group>"; };
		61347A801092417D00DD5DE7 /* ShowPictureController.m */ = {isa = PBXFileReference; fileEncoding = 4; lastKnownFileType = sourcecode.c.objc; path = ShowPictureController.m; sourceTree = "<group>"; };
		61347D701093352100DD5DE7 /* MBPhoto.m */ = {isa = PBXFileReference; fileEncoding = 4; lastKnownFileType = sourcecode.c.objc; name = MBPhoto.m; path = MBAPI/MBPhoto.m; sourceTree = "<group>"; };
		61347D721093352900DD5DE7 /* MBPhoto.h */ = {isa = PBXFileReference; fileEncoding = 4; lastKnownFileType = sourcecode.c.h; name = MBPhoto.h; path = MBAPI/MBPhoto.h; sourceTree = "<group>"; };
		61347E861093466D00DD5DE7 /* CommentViewController.h */ = {isa = PBXFileReference; fileEncoding = 4; lastKnownFileType = sourcecode.c.h; path = CommentViewController.h; sourceTree = "<group>"; };
		61347E871093466D00DD5DE7 /* CommentViewController.m */ = {isa = PBXFileReference; fileEncoding = 4; lastKnownFileType = sourcecode.c.objc; path = CommentViewController.m; sourceTree = "<group>"; };
		6134802410960AFE00DD5DE7 /* en */ = {isa = PBXFileReference; lastKnownFileType = text.plist.strings; name = en; path = Classes/en.lproj/Localizable.strings; sourceTree = "<group>"; };
		6134802610960B6100DD5DE7 /* sv */ = {isa = PBXFileReference; lastKnownFileType = text.plist.strings; name = sv; path = Classes/sv.lproj/Localizable.strings; sourceTree = "<group>"; };
		613A375610B0839500A91801 /* MBCommentResponse.h */ = {isa = PBXFileReference; fileEncoding = 4; lastKnownFileType = sourcecode.c.h; name = MBCommentResponse.h; path = MBAPI/MBCommentResponse.h; sourceTree = "<group>"; };
		613A375710B0839500A91801 /* MBCommentResponse.m */ = {isa = PBXFileReference; fileEncoding = 4; lastKnownFileType = sourcecode.c.objc; name = MBCommentResponse.m; path = MBAPI/MBCommentResponse.m; sourceTree = "<group>"; };
		613A376310B086B900A91801 /* MBComment.h */ = {isa = PBXFileReference; fileEncoding = 4; lastKnownFileType = sourcecode.c.h; name = MBComment.h; path = MBAPI/MBComment.h; sourceTree = "<group>"; };
		613A376410B086B900A91801 /* MBComment.m */ = {isa = PBXFileReference; fileEncoding = 4; lastKnownFileType = sourcecode.c.objc; name = MBComment.m; path = MBAPI/MBComment.m; sourceTree = "<group>"; };
		613A379310B0896A00A91801 /* CommentDataSource.h */ = {isa = PBXFileReference; fileEncoding = 4; lastKnownFileType = sourcecode.c.h; path = CommentDataSource.h; sourceTree = "<group>"; };
		613A379410B0896A00A91801 /* CommentDataSource.m */ = {isa = PBXFileReference; fileEncoding = 4; lastKnownFileType = sourcecode.c.objc; path = CommentDataSource.m; sourceTree = "<group>"; };
		6144628F109019E100AD9801 /* JSON.h */ = {isa = PBXFileReference; fileEncoding = 4; lastKnownFileType = sourcecode.c.h; path = JSON.h; sourceTree = "<group>"; };
		61446290109019E100AD9801 /* NSObject+SBJSON.h */ = {isa = PBXFileReference; fileEncoding = 4; lastKnownFileType = sourcecode.c.h; path = "NSObject+SBJSON.h"; sourceTree = "<group>"; };
		61446291109019E100AD9801 /* NSObject+SBJSON.m */ = {isa = PBXFileReference; fileEncoding = 4; lastKnownFileType = sourcecode.c.objc; path = "NSObject+SBJSON.m"; sourceTree = "<group>"; };
		61446292109019E100AD9801 /* NSString+SBJSON.h */ = {isa = PBXFileReference; fileEncoding = 4; lastKnownFileType = sourcecode.c.h; path = "NSString+SBJSON.h"; sourceTree = "<group>"; };
		61446293109019E100AD9801 /* NSString+SBJSON.m */ = {isa = PBXFileReference; fileEncoding = 4; lastKnownFileType = sourcecode.c.objc; path = "NSString+SBJSON.m"; sourceTree = "<group>"; };
		61446294109019E100AD9801 /* SBJSON.h */ = {isa = PBXFileReference; fileEncoding = 4; lastKnownFileType = sourcecode.c.h; path = SBJSON.h; sourceTree = "<group>"; };
		61446295109019E100AD9801 /* SBJSON.m */ = {isa = PBXFileReference; fileEncoding = 4; lastKnownFileType = sourcecode.c.objc; path = SBJSON.m; sourceTree = "<group>"; };
		61446296109019E100AD9801 /* SBJsonBase.h */ = {isa = PBXFileReference; fileEncoding = 4; lastKnownFileType = sourcecode.c.h; path = SBJsonBase.h; sourceTree = "<group>"; };
		61446297109019E100AD9801 /* SBJsonBase.m */ = {isa = PBXFileReference; fileEncoding = 4; lastKnownFileType = sourcecode.c.objc; path = SBJsonBase.m; sourceTree = "<group>"; };
		61446298109019E100AD9801 /* SBJsonParser.h */ = {isa = PBXFileReference; fileEncoding = 4; lastKnownFileType = sourcecode.c.h; path = SBJsonParser.h; sourceTree = "<group>"; };
		61446299109019E100AD9801 /* SBJsonParser.m */ = {isa = PBXFileReference; fileEncoding = 4; lastKnownFileType = sourcecode.c.objc; path = SBJsonParser.m; sourceTree = "<group>"; };
		6144629A109019E100AD9801 /* SBJsonWriter.h */ = {isa = PBXFileReference; fileEncoding = 4; lastKnownFileType = sourcecode.c.h; path = SBJsonWriter.h; sourceTree = "<group>"; };
		6144629B109019E100AD9801 /* SBJsonWriter.m */ = {isa = PBXFileReference; fileEncoding = 4; lastKnownFileType = sourcecode.c.objc; path = SBJsonWriter.m; sourceTree = "<group>"; };
		614462AD10901ADC00AD9801 /* Three20.xcodeproj */ = {isa = PBXFileReference; lastKnownFileType = "wrapper.pb-project"; name = Three20.xcodeproj; path = ../three20/src/Three20.xcodeproj; sourceTree = SOURCE_ROOT; };
		614462E610901B5300AD9801 /* QuartzCore.framework */ = {isa = PBXFileReference; lastKnownFileType = wrapper.framework; name = QuartzCore.framework; path = System/Library/Frameworks/QuartzCore.framework; sourceTree = SDKROOT; };
		614462EF10901C3D00AD9801 /* RootController.h */ = {isa = PBXFileReference; fileEncoding = 4; lastKnownFileType = sourcecode.c.h; path = RootController.h; sourceTree = "<group>"; };
		614462F010901C3D00AD9801 /* RootController.m */ = {isa = PBXFileReference; fileEncoding = 4; lastKnownFileType = sourcecode.c.objc; path = RootController.m; sourceTree = "<group>"; };
		6165922D10A80DC200B1FE8D /* Three20.bundle */ = {isa = PBXFileReference; lastKnownFileType = "wrapper.plug-in"; name = Three20.bundle; path = ../three20/src/Three20.bundle; sourceTree = SOURCE_ROOT; };
		6165925A10A80EBD00B1FE8D /* UserConfigController.h */ = {isa = PBXFileReference; fileEncoding = 4; lastKnownFileType = sourcecode.c.h; path = UserConfigController.h; sourceTree = "<group>"; };
		6165925B10A80EBD00B1FE8D /* UserConfigController.m */ = {isa = PBXFileReference; fileEncoding = 4; lastKnownFileType = sourcecode.c.objc; path = UserConfigController.m; sourceTree = "<group>"; };
		616592FA10A8344000B1FE8D /* GotoUserController.h */ = {isa = PBXFileReference; fileEncoding = 4; lastKnownFileType = sourcecode.c.h; path = GotoUserController.h; sourceTree = "<group>"; };
		616592FB10A8344000B1FE8D /* GotoUserController.m */ = {isa = PBXFileReference; fileEncoding = 4; lastKnownFileType = sourcecode.c.objc; path = GotoUserController.m; sourceTree = "<group>"; };
		6165944610A84A3000B1FE8D /* AboutController.h */ = {isa = PBXFileReference; fileEncoding = 4; lastKnownFileType = sourcecode.c.h; path = AboutController.h; sourceTree = "<group>"; };
		6165944710A84A3000B1FE8D /* AboutController.m */ = {isa = PBXFileReference; fileEncoding = 4; lastKnownFileType = sourcecode.c.objc; path = AboutController.m; sourceTree = "<group>"; };
		616594CE10A854A600B1FE8D /* ShowPictureInfoController.h */ = {isa = PBXFileReference; fileEncoding = 4; lastKnownFileType = sourcecode.c.h; path = ShowPictureInfoController.h; sourceTree = "<group>"; };
		616594CF10A854A600B1FE8D /* ShowPictureInfoController.m */ = {isa = PBXFileReference; fileEncoding = 4; lastKnownFileType = sourcecode.c.objc; path = ShowPictureInfoController.m; sourceTree = "<group>"; };
		616BDB5410AEE91D005E82A6 /* FavoritesDataSource.h */ = {isa = PBXFileReference; fileEncoding = 4; lastKnownFileType = sourcecode.c.h; path = FavoritesDataSource.h; sourceTree = "<group>"; };
		616BDB5510AEE91D005E82A6 /* FavoritesDataSource.m */ = {isa = PBXFileReference; fileEncoding = 4; lastKnownFileType = sourcecode.c.objc; path = FavoritesDataSource.m; sourceTree = "<group>"; };
		616BDC2A10AEF989005E82A6 /* MBErrorCodes.h */ = {isa = PBXFileReference; fileEncoding = 4; lastKnownFileType = sourcecode.c.h; name = MBErrorCodes.h; path = MBAPI/MBErrorCodes.h; sourceTree = "<group>"; };
		619C698A10A9A28F008FB797 /* Entitlements.plist */ = {isa = PBXFileReference; fileEncoding = 4; lastKnownFileType = text.plist.xml; path = Entitlements.plist; sourceTree = "<group>"; };
		61BE24371090B20C00D76E03 /* BlogListController.h */ = {isa = PBXFileReference; fileEncoding = 4; lastKnownFileType = sourcecode.c.h; path = BlogListController.h; sourceTree = "<group>"; };
		61BE24381090B20C00D76E03 /* BlogListController.m */ = {isa = PBXFileReference; fileEncoding = 4; lastKnownFileType = sourcecode.c.objc; path = BlogListController.m; sourceTree = "<group>"; };
		61BE258D1091DAF600D76E03 /* BlogListModel.h */ = {isa = PBXFileReference; fileEncoding = 4; lastKnownFileType = sourcecode.c.h; path = BlogListModel.h; sourceTree = "<group>"; };
		61BE258E1091DAF600D76E03 /* BlogListModel.m */ = {isa = PBXFileReference; fileEncoding = 4; lastKnownFileType = sourcecode.c.objc; path = BlogListModel.m; sourceTree = "<group>"; };
		61CFC88B10B08E38008FEBF2 /* CommentModel.h */ = {isa = PBXFileReference; fileEncoding = 4; lastKnownFileType = sourcecode.c.h; path = CommentModel.h; sourceTree = "<group>"; };
		61CFC88C10B08E38008FEBF2 /* CommentModel.m */ = {isa = PBXFileReference; fileEncoding = 4; lastKnownFileType = sourcecode.c.objc; path = CommentModel.m; sourceTree = "<group>"; };
		61CFC94F10B1B5DC008FEBF2 /* MBCommentItemCell.h */ = {isa = PBXFileReference; fileEncoding = 4; lastKnownFileType = sourcecode.c.h; name = MBCommentItemCell.h; path = MBAPI/MBCommentItemCell.h; sourceTree = "<group>"; };
		61CFC95010B1B5DC008FEBF2 /* MBCommentItemCell.m */ = {isa = PBXFileReference; fileEncoding = 4; lastKnownFileType = sourcecode.c.objc; name = MBCommentItemCell.m; path = MBAPI/MBCommentItemCell.m; sourceTree = "<group>"; };
		61D99AD010B3364D00A5525A /* PhotoViewController.h */ = {isa = PBXFileReference; fileEncoding = 4; lastKnownFileType = sourcecode.c.h; path = PhotoViewController.h; sourceTree = "<group>"; };
		61D99AD110B3364D00A5525A /* PhotoViewController.m */ = {isa = PBXFileReference; fileEncoding = 4; lastKnownFileType = sourcecode.c.objc; path = PhotoViewController.m; sourceTree = "<group>"; };
		61E0D48B10A430A800809C22 /* MBLogin.h */ = {isa = PBXFileReference; fileEncoding = 4; lastKnownFileType = sourcecode.c.h; name = MBLogin.h; path = MBAPI/MBLogin.h; sourceTree = "<group>"; };
		61E0D48C10A430A800809C22 /* MBLogin.m */ = {isa = PBXFileReference; fileEncoding = 4; lastKnownFileType = sourcecode.c.objc; name = MBLogin.m; path = MBAPI/MBLogin.m; sourceTree = "<group>"; };
		61E0D4E610A4549800809C22 /* SFHFKeychainUtils.m */ = {isa = PBXFileReference; fileEncoding = 4; lastKnownFileType = sourcecode.c.objc; name = SFHFKeychainUtils.m; path = SFHFKeychainUtils/SFHFKeychainUtils.m; sourceTree = SOURCE_ROOT; };
		61E0D4E710A4549800809C22 /* SFHFKeychainUtils.h */ = {isa = PBXFileReference; fileEncoding = 4; lastKnownFileType = sourcecode.c.h; name = SFHFKeychainUtils.h; path = SFHFKeychainUtils/SFHFKeychainUtils.h; sourceTree = SOURCE_ROOT; };
		61E0D50510A4567E00809C22 /* Security.framework */ = {isa = PBXFileReference; lastKnownFileType = wrapper.framework; name = Security.framework; path = System/Library/Frameworks/Security.framework; sourceTree = SDKROOT; };
		8D1107310486CEB800E47090 /* MobilBlogg-Info.plist */ = {isa = PBXFileReference; fileEncoding = 4; lastKnownFileType = text.plist.xml; path = "MobilBlogg-Info.plist"; plistStructureDefinitionIdentifier = "com.apple.xcode.plist.structure-definition.iphone.info-plist"; sourceTree = "<group>"; };
/* End PBXFileReference section */

/* Begin PBXFrameworksBuildPhase section */
		1D60588F0D05DD3D006BFB54 /* Frameworks */ = {
			isa = PBXFrameworksBuildPhase;
			buildActionMask = 2147483647;
			files = (
				61446323109020A200AD9801 /* libThree20.a in Frameworks */,
				1D60589F0D05DD5A006BFB54 /* Foundation.framework in Frameworks */,
				1DF5F4E00D08C38300B7A737 /* UIKit.framework in Frameworks */,
				288765FD0DF74451002DB57D /* CoreGraphics.framework in Frameworks */,
				614462E710901B5300AD9801 /* QuartzCore.framework in Frameworks */,
				61E0D50610A4567E00809C22 /* Security.framework in Frameworks */,
			);
			runOnlyForDeploymentPostprocessing = 0;
		};
/* End PBXFrameworksBuildPhase section */

/* Begin PBXGroup section */
		080E96DDFE201D6D7F000001 /* Classes */ = {
			isa = PBXGroup;
			children = (
				61347E8A1093467300DD5DE7 /* PhotoView */,
				61347B7B1093072800DD5DE7 /* Others */,
				61347B79109306F300DD5DE7 /* BloggList */,
				1D3623240D0F684500981E51 /* MobilBloggAppDelegate.h */,
				1D3623250D0F684500981E51 /* MobilBloggAppDelegate.m */,
				614462EF10901C3D00AD9801 /* RootController.h */,
				614462F010901C3D00AD9801 /* RootController.m */,
			);
			path = Classes;
			sourceTree = "<group>";
		};
		19C28FACFE9D520D11CA2CBB /* Products */ = {
			isa = PBXGroup;
			children = (
				1D6058910D05DD3D006BFB54 /* MobilBlogg.app */,
			);
			name = Products;
			sourceTree = "<group>";
		};
		29B97314FDCFA39411CA2CEA /* CustomTemplate */ = {
			isa = PBXGroup;
			children = (
				61BE25771090CA5900D76E03 /* Externals */,
				61446285109019BF00AD9801 /* MBAPI */,
				080E96DDFE201D6D7F000001 /* Classes */,
				29B97315FDCFA39411CA2CEA /* Other Sources */,
				29B97317FDCFA39411CA2CEA /* Resources */,
				29B97323FDCFA39411CA2CEA /* Frameworks */,
				19C28FACFE9D520D11CA2CBB /* Products */,
			);
			name = CustomTemplate;
			sourceTree = "<group>";
		};
		29B97315FDCFA39411CA2CEA /* Other Sources */ = {
			isa = PBXGroup;
			children = (
				32CA4F630368D1EE00C91783 /* MobilBlogg_Prefix.pch */,
				29B97316FDCFA39411CA2CEA /* main.m */,
			);
			name = "Other Sources";
			sourceTree = "<group>";
		};
		29B97317FDCFA39411CA2CEA /* Resources */ = {
			isa = PBXGroup;
			children = (
				61145AFA10ADCAA100DADDD6 /* usericon.png */,
				6114544210AC61B800DADDD6 /* Icon.png */,
				6114531A10AC438800DADDD6 /* 41-picture-frame.png */,
				6114531B10AC438800DADDD6 /* 42-photos.png */,
				619C698A10A9A28F008FB797 /* Entitlements.plist */,
				6165922D10A80DC200B1FE8D /* Three20.bundle */,
				6134801E10960AF200DD5DE7 /* Localizable.strings */,
				8D1107310486CEB800E47090 /* MobilBlogg-Info.plist */,
			);
			name = Resources;
			sourceTree = "<group>";
		};
		29B97323FDCFA39411CA2CEA /* Frameworks */ = {
			isa = PBXGroup;
			children = (
				61E0D50510A4567E00809C22 /* Security.framework */,
				614462E610901B5300AD9801 /* QuartzCore.framework */,
				1DF5F4DF0D08C38300B7A737 /* UIKit.framework */,
				1D30AB110D05D00D00671497 /* Foundation.framework */,
				288765FC0DF74451002DB57D /* CoreGraphics.framework */,
			);
			name = Frameworks;
			sourceTree = "<group>";
		};
		61347B79109306F300DD5DE7 /* BloggList */ = {
			isa = PBXGroup;
			children = (
				6114534F10AC4ED400DADDD6 /* BlogListThumbsDataSource.h */,
				6114535010AC4ED400DADDD6 /* BlogListThumbsDataSource.m */,
				6114534010AC4CE400DADDD6 /* BlogListThumbsController.h */,
				6114534110AC4CE400DADDD6 /* BlogListThumbsController.m */,
				610608FB10AB5E5700927027 /* BlogListTabController.h */,
				610608FC10AB5E5700927027 /* BlogListTabController.m */,
				61BE24371090B20C00D76E03 /* BlogListController.h */,
				61BE24381090B20C00D76E03 /* BlogListController.m */,
				61BE258D1091DAF600D76E03 /* BlogListModel.h */,
				61BE258E1091DAF600D76E03 /* BlogListModel.m */,
				613479A5109217AA00DD5DE7 /* BlogListDataSource.h */,
				613479A6109217AA00DD5DE7 /* BlogListDataSource.m */,
			);
			name = BloggList;
			sourceTree = "<group>";
		};
		61347B7B1093072800DD5DE7 /* Others */ = {
			isa = PBXGroup;
			children = (
				6165944610A84A3000B1FE8D /* AboutController.h */,
				6165944710A84A3000B1FE8D /* AboutController.m */,
				6165925A10A80EBD00B1FE8D /* UserConfigController.h */,
				6165925B10A80EBD00B1FE8D /* UserConfigController.m */,
				616592FA10A8344000B1FE8D /* GotoUserController.h */,
				616592FB10A8344000B1FE8D /* GotoUserController.m */,
				61145AB510ADC55C00DADDD6 /* ProfileViewController.h */,
				61145AB610ADC55C00DADDD6 /* ProfileViewController.m */,
				616BDB5410AEE91D005E82A6 /* FavoritesDataSource.h */,
				616BDB5510AEE91D005E82A6 /* FavoritesDataSource.m */,
			);
			name = Others;
			sourceTree = "<group>";
		};
		61347E8A1093467300DD5DE7 /* PhotoView */ = {
			isa = PBXGroup;
			children = (
				613A378B10B0892A00A91801 /* Comments */,
				616594CE10A854A600B1FE8D /* ShowPictureInfoController.h */,
				616594CF10A854A600B1FE8D /* ShowPictureInfoController.m */,
				61347A7F1092417D00DD5DE7 /* ShowPictureController.h */,
				61347A801092417D00DD5DE7 /* ShowPictureController.m */,
				61D99AD010B3364D00A5525A /* PhotoViewController.h */,
				61D99AD110B3364D00A5525A /* PhotoViewController.m */,
			);
			name = PhotoView;
			sourceTree = "<group>";
		};
		613A378B10B0892A00A91801 /* Comments */ = {
			isa = PBXGroup;
			children = (
				61CFC88B10B08E38008FEBF2 /* CommentModel.h */,
				61CFC88C10B08E38008FEBF2 /* CommentModel.m */,
				61347E861093466D00DD5DE7 /* CommentViewController.h */,
				61347E871093466D00DD5DE7 /* CommentViewController.m */,
				613A379310B0896A00A91801 /* CommentDataSource.h */,
				613A379410B0896A00A91801 /* CommentDataSource.m */,
			);
			name = Comments;
			sourceTree = "<group>";
		};
		61446285109019BF00AD9801 /* MBAPI */ = {
			isa = PBXGroup;
			children = (
				61CFC8EE10B123CE008FEBF2 /* Utils */,
				61CFC8ED10B123B5008FEBF2 /* Photos */,
				61CFC8EC10B12371008FEBF2 /* Comments */,
				61CFC8EB10B12358008FEBF2 /* Users */,
				616BDC2A10AEF989005E82A6 /* MBErrorCodes.h */,
				611456E110ACB1B400DADDD6 /* MBConnectionRoot.h */,
				611456E210ACB1B400DADDD6 /* MBConnectionRoot.m */,
			);
			name = MBAPI;
			sourceTree = "<group>";
		};
		6144628E109019E100AD9801 /* JSON */ = {
			isa = PBXGroup;
			children = (
				6144628F109019E100AD9801 /* JSON.h */,
				61446290109019E100AD9801 /* NSObject+SBJSON.h */,
				61446291109019E100AD9801 /* NSObject+SBJSON.m */,
				61446292109019E100AD9801 /* NSString+SBJSON.h */,
				61446293109019E100AD9801 /* NSString+SBJSON.m */,
				61446294109019E100AD9801 /* SBJSON.h */,
				61446295109019E100AD9801 /* SBJSON.m */,
				61446296109019E100AD9801 /* SBJsonBase.h */,
				61446297109019E100AD9801 /* SBJsonBase.m */,
				61446298109019E100AD9801 /* SBJsonParser.h */,
				61446299109019E100AD9801 /* SBJsonParser.m */,
				6144629A109019E100AD9801 /* SBJsonWriter.h */,
				6144629B109019E100AD9801 /* SBJsonWriter.m */,
			);
			path = JSON;
			sourceTree = "<group>";
		};
		614462AE10901ADC00AD9801 /* Products */ = {
			isa = PBXGroup;
			children = (
				614462B510901ADC00AD9801 /* libThree20.a */,
			);
			name = Products;
			sourceTree = "<group>";
		};
		61BE25771090CA5900D76E03 /* Externals */ = {
			isa = PBXGroup;
			children = (
				61E0D4E510A4548400809C22 /* SFHFKeychainUtils */,
				61BE25901091DE7500D76E03 /* GTM */,
				6144628E109019E100AD9801 /* JSON */,
				614462AD10901ADC00AD9801 /* Three20.xcodeproj */,
			);
			name = Externals;
			sourceTree = "<group>";
		};
		61BE25901091DE7500D76E03 /* GTM */ = {
			isa = PBXGroup;
			children = (
				613479831092138000DD5DE7 /* GTMNSString+URLArguments.m */,
				613479841092138000DD5DE7 /* GTMNSString+URLArguments.h */,
				613479851092138000DD5DE7 /* GTMNSDictionary+URLArguments.m */,
				613479861092138000DD5DE7 /* GTMNSDictionary+URLArguments.h */,
				613479871092138000DD5DE7 /* GTMDefines.h */,
			);
			name = GTM;
			sourceTree = "<group>";
		};
		61CFC8EB10B12358008FEBF2 /* Users */ = {
			isa = PBXGroup;
			children = (
				611456DE10ACAF7100DADDD6 /* MBUser.h */,
				611456DF10ACAF7100DADDD6 /* MBUser.m */,
			);
			name = Users;
			sourceTree = "<group>";
		};
		61CFC8EC10B12371008FEBF2 /* Comments */ = {
			isa = PBXGroup;
			children = (
				613A376310B086B900A91801 /* MBComment.h */,
				613A376410B086B900A91801 /* MBComment.m */,
				613A375610B0839500A91801 /* MBCommentResponse.h */,
				613A375710B0839500A91801 /* MBCommentResponse.m */,
				61CFC94F10B1B5DC008FEBF2 /* MBCommentItemCell.h */,
				61CFC95010B1B5DC008FEBF2 /* MBCommentItemCell.m */,
			);
			name = Comments;
			sourceTree = "<group>";
		};
		61CFC8ED10B123B5008FEBF2 /* Photos */ = {
			isa = PBXGroup;
			children = (
				611456D910ACAF1F00DADDD6 /* MBTablePhotoItem.h */,
				611456D810ACAF1F00DADDD6 /* MBTablePhotoItem.m */,
				61347D721093352900DD5DE7 /* MBPhoto.h */,
				61347D701093352100DD5DE7 /* MBPhoto.m */,
				6134797D1092136800DD5DE7 /* MBBlogListResponse.m */,
				6134797E1092136800DD5DE7 /* MBBlogListResponse.h */,
			);
			name = Photos;
			sourceTree = "<group>";
		};
		61CFC8EE10B123CE008FEBF2 /* Utils */ = {
			isa = PBXGroup;
			children = (
				6134797F1092136800DD5DE7 /* MBStore.m */,
				613479801092136800DD5DE7 /* MBStore.h */,
				61E0D48B10A430A800809C22 /* MBLogin.h */,
				61E0D48C10A430A800809C22 /* MBLogin.m */,
			);
			name = Utils;
			sourceTree = "<group>";
		};
		61E0D4E510A4548400809C22 /* SFHFKeychainUtils */ = {
			isa = PBXGroup;
			children = (
				61E0D4E610A4549800809C22 /* SFHFKeychainUtils.m */,
				61E0D4E710A4549800809C22 /* SFHFKeychainUtils.h */,
			);
			name = SFHFKeychainUtils;
			sourceTree = "<group>";
		};
/* End PBXGroup section */

/* Begin PBXNativeTarget section */
		1D6058900D05DD3D006BFB54 /* MobilBlogg */ = {
			isa = PBXNativeTarget;
			buildConfigurationList = 1D6058960D05DD3E006BFB54 /* Build configuration list for PBXNativeTarget "MobilBlogg" */;
			buildPhases = (
				1D60588D0D05DD3D006BFB54 /* Resources */,
				1D60588E0D05DD3D006BFB54 /* Sources */,
				1D60588F0D05DD3D006BFB54 /* Frameworks */,
			);
			buildRules = (
			);
			dependencies = (
				614463221090208100AD9801 /* PBXTargetDependency */,
			);
			name = MobilBlogg;
			productName = MobilBlogg;
			productReference = 1D6058910D05DD3D006BFB54 /* MobilBlogg.app */;
			productType = "com.apple.product-type.application";
		};
/* End PBXNativeTarget section */

/* Begin PBXProject section */
		29B97313FDCFA39411CA2CEA /* Project object */ = {
			isa = PBXProject;
			buildConfigurationList = C01FCF4E08A954540054247B /* Build configuration list for PBXProject "MobilBlogg" */;
			compatibilityVersion = "Xcode 3.1";
			hasScannedForEncodings = 1;
			knownRegions = (
				English,
				Japanese,
				French,
				German,
				Swedish,
				en,
				se,
				sv,
			);
			mainGroup = 29B97314FDCFA39411CA2CEA /* CustomTemplate */;
			projectDirPath = "";
			projectReferences = (
				{
					ProductGroup = 614462AE10901ADC00AD9801 /* Products */;
					ProjectRef = 614462AD10901ADC00AD9801 /* Three20.xcodeproj */;
				},
			);
			projectRoot = "";
			targets = (
				1D6058900D05DD3D006BFB54 /* MobilBlogg */,
			);
		};
/* End PBXProject section */

/* Begin PBXReferenceProxy section */
		614462B510901ADC00AD9801 /* libThree20.a */ = {
			isa = PBXReferenceProxy;
			fileType = archive.ar;
			path = libThree20.a;
			remoteRef = 614462B410901ADC00AD9801 /* PBXContainerItemProxy */;
			sourceTree = BUILT_PRODUCTS_DIR;
		};
/* End PBXReferenceProxy section */

/* Begin PBXResourcesBuildPhase section */
		1D60588D0D05DD3D006BFB54 /* Resources */ = {
			isa = PBXResourcesBuildPhase;
			buildActionMask = 2147483647;
			files = (
				6134802210960AF200DD5DE7 /* Localizable.strings in Resources */,
				6165922E10A80DC200B1FE8D /* Three20.bundle in Resources */,
				619C698B10A9A28F008FB797 /* Entitlements.plist in Resources */,
				6114531C10AC438800DADDD6 /* 41-picture-frame.png in Resources */,
				6114531D10AC438800DADDD6 /* 42-photos.png in Resources */,
				6114544310AC61B800DADDD6 /* Icon.png in Resources */,
				61145AFB10ADCAA100DADDD6 /* usericon.png in Resources */,
			);
			runOnlyForDeploymentPostprocessing = 0;
		};
/* End PBXResourcesBuildPhase section */

/* Begin PBXSourcesBuildPhase section */
		1D60588E0D05DD3D006BFB54 /* Sources */ = {
			isa = PBXSourcesBuildPhase;
			buildActionMask = 2147483647;
			files = (
				1D60589B0D05DD56006BFB54 /* main.m in Sources */,
				1D3623260D0F684500981E51 /* MobilBloggAppDelegate.m in Sources */,
				6144629C109019E100AD9801 /* NSObject+SBJSON.m in Sources */,
				6144629D109019E100AD9801 /* NSString+SBJSON.m in Sources */,
				6144629E109019E100AD9801 /* SBJSON.m in Sources */,
				6144629F109019E100AD9801 /* SBJsonBase.m in Sources */,
				614462A0109019E100AD9801 /* SBJsonParser.m in Sources */,
				614462A1109019E100AD9801 /* SBJsonWriter.m in Sources */,
				61347FCE10957E3800DD5DE7 /* RootController.m in Sources */,
				61BE24391090B20C00D76E03 /* BlogListController.m in Sources */,
				61BE258F1091DAF600D76E03 /* BlogListModel.m in Sources */,
				613479811092136800DD5DE7 /* MBBlogListResponse.m in Sources */,
				613479821092136800DD5DE7 /* MBStore.m in Sources */,
				613479881092138000DD5DE7 /* GTMNSString+URLArguments.m in Sources */,
				613479891092138000DD5DE7 /* GTMNSDictionary+URLArguments.m in Sources */,
				613479A7109217AA00DD5DE7 /* BlogListDataSource.m in Sources */,
				61347A811092417D00DD5DE7 /* ShowPictureController.m in Sources */,
				61347D711093352100DD5DE7 /* MBPhoto.m in Sources */,
				61347E881093466D00DD5DE7 /* CommentViewController.m in Sources */,
				61E0D48D10A430A800809C22 /* MBLogin.m in Sources */,
				61E0D4E810A4549800809C22 /* SFHFKeychainUtils.m in Sources */,
				6165925C10A80EBD00B1FE8D /* UserConfigController.m in Sources */,
				616592FC10A8344000B1FE8D /* GotoUserController.m in Sources */,
				6165944810A84A3000B1FE8D /* AboutController.m in Sources */,
				616594D010A854A600B1FE8D /* ShowPictureInfoController.m in Sources */,
				610608FD10AB5E5700927027 /* BlogListTabController.m in Sources */,
				6114534210AC4CE400DADDD6 /* BlogListThumbsController.m in Sources */,
				6114535110AC4ED400DADDD6 /* BlogListThumbsDataSource.m in Sources */,
				611456DA10ACAF1F00DADDD6 /* MBTablePhotoItem.m in Sources */,
				611456E010ACAF7100DADDD6 /* MBUser.m in Sources */,
				611456E310ACB1B400DADDD6 /* MBConnectionRoot.m in Sources */,
				61145AB710ADC55C00DADDD6 /* ProfileViewController.m in Sources */,
				616BDB5610AEE91D005E82A6 /* FavoritesDataSource.m in Sources */,
				613A375810B0839500A91801 /* MBCommentResponse.m in Sources */,
				613A376510B086B900A91801 /* MBComment.m in Sources */,
				613A379510B0896A00A91801 /* CommentDataSource.m in Sources */,
				61CFC88D10B08E38008FEBF2 /* CommentModel.m in Sources */,
				61CFC95110B1B5DC008FEBF2 /* MBCommentItemCell.m in Sources */,
				61D99AD210B3364D00A5525A /* PhotoViewController.m in Sources */,
			);
			runOnlyForDeploymentPostprocessing = 0;
		};
/* End PBXSourcesBuildPhase section */

/* Begin PBXTargetDependency section */
		614463221090208100AD9801 /* PBXTargetDependency */ = {
			isa = PBXTargetDependency;
			name = Three20;
			targetProxy = 614463211090208100AD9801 /* PBXContainerItemProxy */;
		};
/* End PBXTargetDependency section */

/* Begin PBXVariantGroup section */
		6134801E10960AF200DD5DE7 /* Localizable.strings */ = {
			isa = PBXVariantGroup;
			children = (
				6134802410960AFE00DD5DE7 /* en */,
				6134802610960B6100DD5DE7 /* sv */,
			);
			name = Localizable.strings;
			sourceTree = "<group>";
		};
/* End PBXVariantGroup section */

/* Begin XCBuildConfiguration section */
		1D6058940D05DD3E006BFB54 /* Debug */ = {
			isa = XCBuildConfiguration;
			buildSettings = {
				ALWAYS_SEARCH_USER_PATHS = NO;
				COPY_PHASE_STRIP = NO;
				GCC_DYNAMIC_NO_PIC = NO;
				GCC_OPTIMIZATION_LEVEL = 0;
				GCC_PRECOMPILE_PREFIX_HEADER = YES;
				GCC_PREFIX_HEADER = MobilBlogg_Prefix.pch;
				HEADER_SEARCH_PATHS = ../three20/src;
				INFOPLIST_FILE = "MobilBlogg-Info.plist";
				OTHER_CFLAGS = "-DDEBUG";
				OTHER_LDFLAGS = (
					"-all_load",
					"-ObjC",
				);
				PRODUCT_NAME = MobilBlogg;
				SDKROOT = iphoneos3.0;
			};
			name = Debug;
		};
		1D6058950D05DD3E006BFB54 /* Release */ = {
			isa = XCBuildConfiguration;
			buildSettings = {
				ALWAYS_SEARCH_USER_PATHS = NO;
				COPY_PHASE_STRIP = YES;
				GCC_PRECOMPILE_PREFIX_HEADER = YES;
				GCC_PREFIX_HEADER = MobilBlogg_Prefix.pch;
				HEADER_SEARCH_PATHS = ../three20/src;
				INFOPLIST_FILE = "MobilBlogg-Info.plist";
				OTHER_LDFLAGS = (
					"-all_load",
					"-ObjC",
				);
				PRODUCT_NAME = MobilBlogg;
				SDKROOT = iphoneos3.0;
			};
			name = Release;
		};
		6165981E10A8B2E200B1FE8D /* Release beta */ = {
			isa = XCBuildConfiguration;
			buildSettings = {
				ARCHS = "$(ARCHS_STANDARD_32_BIT)";
				CODE_SIGN_ENTITLEMENTS = Entitlements.plist;
				"CODE_SIGN_IDENTITY[sdk=iphoneos*]" = "iPhone Distribution";
				GCC_C_LANGUAGE_STANDARD = c99;
				GCC_WARN_ABOUT_RETURN_TYPE = YES;
				GCC_WARN_UNUSED_VARIABLE = YES;
				PREBINDING = NO;
				"PROVISIONING_PROFILE[sdk=iphoneos*]" = "";
				SDKROOT = iphoneos3.0;
			};
			name = "Release beta";
		};
		6165981F10A8B2E200B1FE8D /* Release beta */ = {
			isa = XCBuildConfiguration;
			buildSettings = {
				ALWAYS_SEARCH_USER_PATHS = NO;
				COPY_PHASE_STRIP = YES;
				GCC_PRECOMPILE_PREFIX_HEADER = YES;
				GCC_PREFIX_HEADER = MobilBlogg_Prefix.pch;
				HEADER_SEARCH_PATHS = ../three20/src;
				INFOPLIST_FILE = "MobilBlogg-Info.plist";
				OTHER_LDFLAGS = (
					"-all_load",
					"-ObjC",
				);
				PRODUCT_NAME = MobilBlogg;
				SDKROOT = iphoneos3.0;
			};
			name = "Release beta";
		};
		C01FCF4F08A954540054247B /* Debug */ = {
			isa = XCBuildConfiguration;
			buildSettings = {
				ARCHS = "$(ARCHS_STANDARD_32_BIT)";
				"CODE_SIGN_IDENTITY[sdk=iphoneos*]" = "iPhone Developer";
				GCC_C_LANGUAGE_STANDARD = c99;
				GCC_WARN_ABOUT_RETURN_TYPE = YES;
				GCC_WARN_UNUSED_VARIABLE = YES;
				PREBINDING = NO;
				SDKROOT = iphoneos3.0;
			};
			name = Debug;
		};
		C01FCF5008A954540054247B /* Release */ = {
			isa = XCBuildConfiguration;
			buildSettings = {
				ARCHS = "$(ARCHS_STANDARD_32_BIT)";
				"CODE_SIGN_IDENTITY[sdk=iphoneos*]" = "iPhone Developer";
				GCC_C_LANGUAGE_STANDARD = c99;
				GCC_WARN_ABOUT_RETURN_TYPE = YES;
				GCC_WARN_UNUSED_VARIABLE = YES;
				PREBINDING = NO;
				SDKROOT = iphoneos3.0;
			};
			name = Release;
		};
/* End XCBuildConfiguration section */

/* Begin XCConfigurationList section */
		1D6058960D05DD3E006BFB54 /* Build configuration list for PBXNativeTarget "MobilBlogg" */ = {
			isa = XCConfigurationList;
			buildConfigurations = (
				1D6058940D05DD3E006BFB54 /* Debug */,
				1D6058950D05DD3E006BFB54 /* Release */,
				6165981F10A8B2E200B1FE8D /* Release beta */,
			);
			defaultConfigurationIsVisible = 0;
			defaultConfigurationName = Release;
		};
		C01FCF4E08A954540054247B /* Build configuration list for PBXProject "MobilBlogg" */ = {
			isa = XCConfigurationList;
			buildConfigurations = (
				C01FCF4F08A954540054247B /* Debug */,
				C01FCF5008A954540054247B /* Release */,
				6165981E10A8B2E200B1FE8D /* Release beta */,
			);
			defaultConfigurationIsVisible = 0;
			defaultConfigurationName = Release;
		};
/* End XCConfigurationList section */
	};
	rootObject = 29B97313FDCFA39411CA2CEA /* Project object */;
}
