// !$*UTF8*$!
{
	archiveVersion = 1;
	classes = {
	};
	objectVersion = 45;
	objects = {

/* Begin PBXBuildFile section */
		1D3623260D0F684500981E51 /* MobilBloggAppDelegate.m in Sources */ = {isa = PBXBuildFile; fileRef = 1D3623250D0F684500981E51 /* MobilBloggAppDelegate.m */; };
		1D60589B0D05DD56006BFB54 /* main.m in Sources */ = {isa = PBXBuildFile; fileRef = 29B97316FDCFA39411CA2CEA /* main.m */; };
		1D60589F0D05DD5A006BFB54 /* Foundation.framework in Frameworks */ = {isa = PBXBuildFile; fileRef = 1D30AB110D05D00D00671497 /* Foundation.framework */; };
		1DF5F4E00D08C38300B7A737 /* UIKit.framework in Frameworks */ = {isa = PBXBuildFile; fileRef = 1DF5F4DF0D08C38300B7A737 /* UIKit.framework */; };
		288765FD0DF74451002DB57D /* CoreGraphics.framework in Frameworks */ = {isa = PBXBuildFile; fileRef = 288765FC0DF74451002DB57D /* CoreGraphics.framework */; };
		613479811092136800DD5DE7 /* MBURLResponse.m in Sources */ = {isa = PBXBuildFile; fileRef = 6134797D1092136800DD5DE7 /* MBURLResponse.m */; };
		613479821092136800DD5DE7 /* MBStore.m in Sources */ = {isa = PBXBuildFile; fileRef = 6134797F1092136800DD5DE7 /* MBStore.m */; };
		613479881092138000DD5DE7 /* GTMNSString+URLArguments.m in Sources */ = {isa = PBXBuildFile; fileRef = 613479831092138000DD5DE7 /* GTMNSString+URLArguments.m */; };
		613479891092138000DD5DE7 /* GTMNSDictionary+URLArguments.m in Sources */ = {isa = PBXBuildFile; fileRef = 613479851092138000DD5DE7 /* GTMNSDictionary+URLArguments.m */; };
		613479A7109217AA00DD5DE7 /* BlogListDataSource.m in Sources */ = {isa = PBXBuildFile; fileRef = 613479A6109217AA00DD5DE7 /* BlogListDataSource.m */; };
		61347A811092417D00DD5DE7 /* ShowPictureController.m in Sources */ = {isa = PBXBuildFile; fileRef = 61347A801092417D00DD5DE7 /* ShowPictureController.m */; };
		61347B78109306EC00DD5DE7 /* SearchUserViewController.m in Sources */ = {isa = PBXBuildFile; fileRef = 61347B77109306EC00DD5DE7 /* SearchUserViewController.m */; };
		61347BB31093096B00DD5DE7 /* SearchUserDataSource.m in Sources */ = {isa = PBXBuildFile; fileRef = 61347BB21093096B00DD5DE7 /* SearchUserDataSource.m */; };
		61347D711093352100DD5DE7 /* MBPhoto.m in Sources */ = {isa = PBXBuildFile; fileRef = 61347D701093352100DD5DE7 /* MBPhoto.m */; };
		61347D9F109339FF00DD5DE7 /* PhotoSource.m in Sources */ = {isa = PBXBuildFile; fileRef = 61347D9E109339FF00DD5DE7 /* PhotoSource.m */; };
		61347E881093466D00DD5DE7 /* CommentViewController.m in Sources */ = {isa = PBXBuildFile; fileRef = 61347E871093466D00DD5DE7 /* CommentViewController.m */; };
		61347F791095776500DD5DE7 /* FirstPageController.m in Sources */ = {isa = PBXBuildFile; fileRef = 61347F781095776500DD5DE7 /* FirstPageController.m */; };
		61347FCE10957E3800DD5DE7 /* RootController.m in Sources */ = {isa = PBXBuildFile; fileRef = 614462F010901C3D00AD9801 /* RootController.m */; };
		6134802210960AF200DD5DE7 /* Localizable.strings in Resources */ = {isa = PBXBuildFile; fileRef = 6134801E10960AF200DD5DE7 /* Localizable.strings */; };
		6134802310960AF200DD5DE7 /* ConfigController.xib in Resources */ = {isa = PBXBuildFile; fileRef = 6134802010960AF200DD5DE7 /* ConfigController.xib */; };
		6134804010960C2E00DD5DE7 /* Three20.bundle in Resources */ = {isa = PBXBuildFile; fileRef = 6134803F10960C2E00DD5DE7 /* Three20.bundle */; };
		6144629C109019E100AD9801 /* NSObject+SBJSON.m in Sources */ = {isa = PBXBuildFile; fileRef = 61446291109019E100AD9801 /* NSObject+SBJSON.m */; };
		6144629D109019E100AD9801 /* NSString+SBJSON.m in Sources */ = {isa = PBXBuildFile; fileRef = 61446293109019E100AD9801 /* NSString+SBJSON.m */; };
		6144629E109019E100AD9801 /* SBJSON.m in Sources */ = {isa = PBXBuildFile; fileRef = 61446295109019E100AD9801 /* SBJSON.m */; };
		6144629F109019E100AD9801 /* SBJsonBase.m in Sources */ = {isa = PBXBuildFile; fileRef = 61446297109019E100AD9801 /* SBJsonBase.m */; };
		614462A0109019E100AD9801 /* SBJsonParser.m in Sources */ = {isa = PBXBuildFile; fileRef = 61446299109019E100AD9801 /* SBJsonParser.m */; };
		614462A1109019E100AD9801 /* SBJsonWriter.m in Sources */ = {isa = PBXBuildFile; fileRef = 6144629B109019E100AD9801 /* SBJsonWriter.m */; };
		614462E710901B5300AD9801 /* QuartzCore.framework in Frameworks */ = {isa = PBXBuildFile; fileRef = 614462E610901B5300AD9801 /* QuartzCore.framework */; };
		61446323109020A200AD9801 /* libThree20.a in Frameworks */ = {isa = PBXBuildFile; fileRef = 614462B510901ADC00AD9801 /* libThree20.a */; };
		614463D1109034CA00AD9801 /* ConfigController.m in Sources */ = {isa = PBXBuildFile; fileRef = 614463CF109034CA00AD9801 /* ConfigController.m */; };
		61BE24391090B20C00D76E03 /* BlogListController.m in Sources */ = {isa = PBXBuildFile; fileRef = 61BE24381090B20C00D76E03 /* BlogListController.m */; };
		61BE258F1091DAF600D76E03 /* BlogListModel.m in Sources */ = {isa = PBXBuildFile; fileRef = 61BE258E1091DAF600D76E03 /* BlogListModel.m */; };
		61E0D48D10A430A800809C22 /* MBLogin.m in Sources */ = {isa = PBXBuildFile; fileRef = 61E0D48C10A430A800809C22 /* MBLogin.m */; };
		61E0D4E810A4549800809C22 /* SFHFKeychainUtils.m in Sources */ = {isa = PBXBuildFile; fileRef = 61E0D4E610A4549800809C22 /* SFHFKeychainUtils.m */; };
		61E0D50610A4567E00809C22 /* Security.framework in Frameworks */ = {isa = PBXBuildFile; fileRef = 61E0D50510A4567E00809C22 /* Security.framework */; };
		61E0D5AC10A4647E00809C22 /* StartPageController.m in Sources */ = {isa = PBXBuildFile; fileRef = 61E0D5AB10A4647E00809C22 /* StartPageController.m */; };
/* End PBXBuildFile section */

/* Begin PBXContainerItemProxy section */
		614462B410901ADC00AD9801 /* PBXContainerItemProxy */ = {
			isa = PBXContainerItemProxy;
			containerPortal = 614462AD10901ADC00AD9801 /* Three20.xcodeproj */;
			proxyType = 2;
			remoteGlobalIDString = BEF31F3A0F352DF5000DE5D2;
			remoteInfo = Three20;
		};
		614463211090208100AD9801 /* PBXContainerItemProxy */ = {
			isa = PBXContainerItemProxy;
			containerPortal = 614462AD10901ADC00AD9801 /* Three20.xcodeproj */;
			proxyType = 1;
			remoteGlobalIDString = BEF31F390F352DF5000DE5D2;
			remoteInfo = Three20;
		};
/* End PBXContainerItemProxy section */

/* Begin PBXFileReference section */
		1D30AB110D05D00D00671497 /* Foundation.framework */ = {isa = PBXFileReference; lastKnownFileType = wrapper.framework; name = Foundation.framework; path = System/Library/Frameworks/Foundation.framework; sourceTree = SDKROOT; };
		1D3623240D0F684500981E51 /* MobilBloggAppDelegate.h */ = {isa = PBXFileReference; fileEncoding = 4; lastKnownFileType = sourcecode.c.h; path = MobilBloggAppDelegate.h; sourceTree = "<group>"; };
		1D3623250D0F684500981E51 /* MobilBloggAppDelegate.m */ = {isa = PBXFileReference; fileEncoding = 4; lastKnownFileType = sourcecode.c.objc; path = MobilBloggAppDelegate.m; sourceTree = "<group>"; };
		1D6058910D05DD3D006BFB54 /* MobilBlogg.app */ = {isa = PBXFileReference; explicitFileType = wrapper.application; includeInIndex = 0; path = MobilBlogg.app; sourceTree = BUILT_PRODUCTS_DIR; };
		1DF5F4DF0D08C38300B7A737 /* UIKit.framework */ = {isa = PBXFileReference; lastKnownFileType = wrapper.framework; name = UIKit.framework; path = System/Library/Frameworks/UIKit.framework; sourceTree = SDKROOT; };
		288765FC0DF74451002DB57D /* CoreGraphics.framework */ = {isa = PBXFileReference; lastKnownFileType = wrapper.framework; name = CoreGraphics.framework; path = System/Library/Frameworks/CoreGraphics.framework; sourceTree = SDKROOT; };
		29B97316FDCFA39411CA2CEA /* main.m */ = {isa = PBXFileReference; fileEncoding = 4; lastKnownFileType = sourcecode.c.objc; path = main.m; sourceTree = "<group>"; };
		32CA4F630368D1EE00C91783 /* MobilBlogg_Prefix.pch */ = {isa = PBXFileReference; fileEncoding = 4; lastKnownFileType = sourcecode.c.h; path = MobilBlogg_Prefix.pch; sourceTree = "<group>"; };
		6134797D1092136800DD5DE7 /* MBURLResponse.m */ = {isa = PBXFileReference; fileEncoding = 4; lastKnownFileType = sourcecode.c.objc; name = MBURLResponse.m; path = MBAPI/MBURLResponse.m; sourceTree = "<group>"; };
		6134797E1092136800DD5DE7 /* MBURLResponse.h */ = {isa = PBXFileReference; fileEncoding = 4; lastKnownFileType = sourcecode.c.h; name = MBURLResponse.h; path = MBAPI/MBURLResponse.h; sourceTree = "<group>"; };
		6134797F1092136800DD5DE7 /* MBStore.m */ = {isa = PBXFileReference; fileEncoding = 4; lastKnownFileType = sourcecode.c.objc; name = MBStore.m; path = MBAPI/MBStore.m; sourceTree = "<group>"; };
		613479801092136800DD5DE7 /* MBStore.h */ = {isa = PBXFileReference; fileEncoding = 4; lastKnownFileType = sourcecode.c.h; name = MBStore.h; path = MBAPI/MBStore.h; sourceTree = "<group>"; };
		613479831092138000DD5DE7 /* GTMNSString+URLArguments.m */ = {isa = PBXFileReference; fileEncoding = 4; lastKnownFileType = sourcecode.c.objc; name = "GTMNSString+URLArguments.m"; path = "GTM/GTMNSString+URLArguments.m"; sourceTree = "<group>"; };
		613479841092138000DD5DE7 /* GTMNSString+URLArguments.h */ = {isa = PBXFileReference; fileEncoding = 4; lastKnownFileType = sourcecode.c.h; name = "GTMNSString+URLArguments.h"; path = "GTM/GTMNSString+URLArguments.h"; sourceTree = "<group>"; };
		613479851092138000DD5DE7 /* GTMNSDictionary+URLArguments.m */ = {isa = PBXFileReference; fileEncoding = 4; lastKnownFileType = sourcecode.c.objc; name = "GTMNSDictionary+URLArguments.m"; path = "GTM/GTMNSDictionary+URLArguments.m"; sourceTree = "<group>"; };
		613479861092138000DD5DE7 /* GTMNSDictionary+URLArguments.h */ = {isa = PBXFileReference; fileEncoding = 4; lastKnownFileType = sourcecode.c.h; name = "GTMNSDictionary+URLArguments.h"; path = "GTM/GTMNSDictionary+URLArguments.h"; sourceTree = "<group>"; };
		613479871092138000DD5DE7 /* GTMDefines.h */ = {isa = PBXFileReference; fileEncoding = 4; lastKnownFileType = sourcecode.c.h; name = GTMDefines.h; path = GTM/GTMDefines.h; sourceTree = "<group>"; };
		613479A5109217AA00DD5DE7 /* BlogListDataSource.h */ = {isa = PBXFileReference; fileEncoding = 4; lastKnownFileType = sourcecode.c.h; path = BlogListDataSource.h; sourceTree = "<group>"; };
		613479A6109217AA00DD5DE7 /* BlogListDataSource.m */ = {isa = PBXFileReference; fileEncoding = 4; lastKnownFileType = sourcecode.c.objc; path = BlogListDataSource.m; sourceTree = "<group>"; };
		61347A7F1092417D00DD5DE7 /* ShowPictureController.h */ = {isa = PBXFileReference; fileEncoding = 4; lastKnownFileType = sourcecode.c.h; path = ShowPictureController.h; sourceTree = "<group>"; };
		61347A801092417D00DD5DE7 /* ShowPictureController.m */ = {isa = PBXFileReference; fileEncoding = 4; lastKnownFileType = sourcecode.c.objc; path = ShowPictureController.m; sourceTree = "<group>"; };
		61347B76109306EC00DD5DE7 /* SearchUserViewController.h */ = {isa = PBXFileReference; fileEncoding = 4; lastKnownFileType = sourcecode.c.h; path = SearchUserViewController.h; sourceTree = "<group>"; };
		61347B77109306EC00DD5DE7 /* SearchUserViewController.m */ = {isa = PBXFileReference; fileEncoding = 4; lastKnownFileType = sourcecode.c.objc; path = SearchUserViewController.m; sourceTree = "<group>"; };
		61347BB11093096B00DD5DE7 /* SearchUserDataSource.h */ = {isa = PBXFileReference; fileEncoding = 4; lastKnownFileType = sourcecode.c.h; path = SearchUserDataSource.h; sourceTree = "<group>"; };
		61347BB21093096B00DD5DE7 /* SearchUserDataSource.m */ = {isa = PBXFileReference; fileEncoding = 4; lastKnownFileType = sourcecode.c.objc; path = SearchUserDataSource.m; sourceTree = "<group>"; };
		61347D701093352100DD5DE7 /* MBPhoto.m */ = {isa = PBXFileReference; fileEncoding = 4; lastKnownFileType = sourcecode.c.objc; name = MBPhoto.m; path = MBAPI/MBPhoto.m; sourceTree = "<group>"; };
		61347D721093352900DD5DE7 /* MBPhoto.h */ = {isa = PBXFileReference; fileEncoding = 4; lastKnownFileType = sourcecode.c.h; name = MBPhoto.h; path = MBAPI/MBPhoto.h; sourceTree = "<group>"; };
		61347D9D109339FF00DD5DE7 /* PhotoSource.h */ = {isa = PBXFileReference; fileEncoding = 4; lastKnownFileType = sourcecode.c.h; path = PhotoSource.h; sourceTree = "<group>"; };
		61347D9E109339FF00DD5DE7 /* PhotoSource.m */ = {isa = PBXFileReference; fileEncoding = 4; lastKnownFileType = sourcecode.c.objc; path = PhotoSource.m; sourceTree = "<group>"; };
		61347E861093466D00DD5DE7 /* CommentViewController.h */ = {isa = PBXFileReference; fileEncoding = 4; lastKnownFileType = sourcecode.c.h; path = CommentViewController.h; sourceTree = "<group>"; };
		61347E871093466D00DD5DE7 /* CommentViewController.m */ = {isa = PBXFileReference; fileEncoding = 4; lastKnownFileType = sourcecode.c.objc; path = CommentViewController.m; sourceTree = "<group>"; };
		61347F771095776500DD5DE7 /* FirstPageController.h */ = {isa = PBXFileReference; fileEncoding = 4; lastKnownFileType = sourcecode.c.h; path = FirstPageController.h; sourceTree = "<group>"; };
		61347F781095776500DD5DE7 /* FirstPageController.m */ = {isa = PBXFileReference; fileEncoding = 4; lastKnownFileType = sourcecode.c.objc; path = FirstPageController.m; sourceTree = "<group>"; };
		6134802110960AF200DD5DE7 /* sv */ = {isa = PBXFileReference; lastKnownFileType = file.xib; name = sv; path = Classes/sv.lproj/ConfigController.xib; sourceTree = "<group>"; };
		6134802410960AFE00DD5DE7 /* en */ = {isa = PBXFileReference; lastKnownFileType = text.plist.strings; name = en; path = Classes/en.lproj/Localizable.strings; sourceTree = "<group>"; };
		6134802510960AFE00DD5DE7 /* en */ = {isa = PBXFileReference; lastKnownFileType = file.xib; name = en; path = Classes/en.lproj/ConfigController.xib; sourceTree = "<group>"; };
		6134802610960B6100DD5DE7 /* sv */ = {isa = PBXFileReference; lastKnownFileType = text.plist.strings; name = sv; path = Classes/sv.lproj/Localizable.strings; sourceTree = "<group>"; };
		6134803F10960C2E00DD5DE7 /* Three20.bundle */ = {isa = PBXFileReference; lastKnownFileType = "wrapper.plug-in"; name = Three20.bundle; path = ../three20/src/Three20.bundle; sourceTree = SOURCE_ROOT; };
		6144628F109019E100AD9801 /* JSON.h */ = {isa = PBXFileReference; fileEncoding = 4; lastKnownFileType = sourcecode.c.h; path = JSON.h; sourceTree = "<group>"; };
		61446290109019E100AD9801 /* NSObject+SBJSON.h */ = {isa = PBXFileReference; fileEncoding = 4; lastKnownFileType = sourcecode.c.h; path = "NSObject+SBJSON.h"; sourceTree = "<group>"; };
		61446291109019E100AD9801 /* NSObject+SBJSON.m */ = {isa = PBXFileReference; fileEncoding = 4; lastKnownFileType = sourcecode.c.objc; path = "NSObject+SBJSON.m"; sourceTree = "<group>"; };
		61446292109019E100AD9801 /* NSString+SBJSON.h */ = {isa = PBXFileReference; fileEncoding = 4; lastKnownFileType = sourcecode.c.h; path = "NSString+SBJSON.h"; sourceTree = "<group>"; };
		61446293109019E100AD9801 /* NSString+SBJSON.m */ = {isa = PBXFileReference; fileEncoding = 4; lastKnownFileType = sourcecode.c.objc; path = "NSString+SBJSON.m"; sourceTree = "<group>"; };
		61446294109019E100AD9801 /* SBJSON.h */ = {isa = PBXFileReference; fileEncoding = 4; lastKnownFileType = sourcecode.c.h; path = SBJSON.h; sourceTree = "<group>"; };
		61446295109019E100AD9801 /* SBJSON.m */ = {isa = PBXFileReference; fileEncoding = 4; lastKnownFileType = sourcecode.c.objc; path = SBJSON.m; sourceTree = "<group>"; };
		61446296109019E100AD9801 /* SBJsonBase.h */ = {isa = PBXFileReference; fileEncoding = 4; lastKnownFileType = sourcecode.c.h; path = SBJsonBase.h; sourceTree = "<group>"; };
		61446297109019E100AD9801 /* SBJsonBase.m */ = {isa = PBXFileReference; fileEncoding = 4; lastKnownFileType = sourcecode.c.objc; path = SBJsonBase.m; sourceTree = "<group>"; };
		61446298109019E100AD9801 /* SBJsonParser.h */ = {isa = PBXFileReference; fileEncoding = 4; lastKnownFileType = sourcecode.c.h; path = SBJsonParser.h; sourceTree = "<group>"; };
		61446299109019E100AD9801 /* SBJsonParser.m */ = {isa = PBXFileReference; fileEncoding = 4; lastKnownFileType = sourcecode.c.objc; path = SBJsonParser.m; sourceTree = "<group>"; };
		6144629A109019E100AD9801 /* SBJsonWriter.h */ = {isa = PBXFileReference; fileEncoding = 4; lastKnownFileType = sourcecode.c.h; path = SBJsonWriter.h; sourceTree = "<group>"; };
		6144629B109019E100AD9801 /* SBJsonWriter.m */ = {isa = PBXFileReference; fileEncoding = 4; lastKnownFileType = sourcecode.c.objc; path = SBJsonWriter.m; sourceTree = "<group>"; };
		614462AD10901ADC00AD9801 /* Three20.xcodeproj */ = {isa = PBXFileReference; lastKnownFileType = "wrapper.pb-project"; name = Three20.xcodeproj; path = ../three20/src/Three20.xcodeproj; sourceTree = SOURCE_ROOT; };
		614462E610901B5300AD9801 /* QuartzCore.framework */ = {isa = PBXFileReference; lastKnownFileType = wrapper.framework; name = QuartzCore.framework; path = System/Library/Frameworks/QuartzCore.framework; sourceTree = SDKROOT; };
		614462EF10901C3D00AD9801 /* RootController.h */ = {isa = PBXFileReference; fileEncoding = 4; lastKnownFileType = sourcecode.c.h; path = RootController.h; sourceTree = "<group>"; };
		614462F010901C3D00AD9801 /* RootController.m */ = {isa = PBXFileReference; fileEncoding = 4; lastKnownFileType = sourcecode.c.objc; path = RootController.m; sourceTree = "<group>"; };
		614463CE109034CA00AD9801 /* ConfigController.h */ = {isa = PBXFileReference; fileEncoding = 4; lastKnownFileType = sourcecode.c.h; path = ConfigController.h; sourceTree = "<group>"; };
		614463CF109034CA00AD9801 /* ConfigController.m */ = {isa = PBXFileReference; fileEncoding = 4; lastKnownFileType = sourcecode.c.objc; path = ConfigController.m; sourceTree = "<group>"; };
		61BE24371090B20C00D76E03 /* BlogListController.h */ = {isa = PBXFileReference; fileEncoding = 4; lastKnownFileType = sourcecode.c.h; path = BlogListController.h; sourceTree = "<group>"; };
		61BE24381090B20C00D76E03 /* BlogListController.m */ = {isa = PBXFileReference; fileEncoding = 4; lastKnownFileType = sourcecode.c.objc; path = BlogListController.m; sourceTree = "<group>"; };
		61BE258D1091DAF600D76E03 /* BlogListModel.h */ = {isa = PBXFileReference; fileEncoding = 4; lastKnownFileType = sourcecode.c.h; path = BlogListModel.h; sourceTree = "<group>"; };
		61BE258E1091DAF600D76E03 /* BlogListModel.m */ = {isa = PBXFileReference; fileEncoding = 4; lastKnownFileType = sourcecode.c.objc; path = BlogListModel.m; sourceTree = "<group>"; };
		61E0D48B10A430A800809C22 /* MBLogin.h */ = {isa = PBXFileReference; fileEncoding = 4; lastKnownFileType = sourcecode.c.h; name = MBLogin.h; path = MBAPI/MBLogin.h; sourceTree = "<group>"; };
		61E0D48C10A430A800809C22 /* MBLogin.m */ = {isa = PBXFileReference; fileEncoding = 4; lastKnownFileType = sourcecode.c.objc; name = MBLogin.m; path = MBAPI/MBLogin.m; sourceTree = "<group>"; };
		61E0D4E610A4549800809C22 /* SFHFKeychainUtils.m */ = {isa = PBXFileReference; fileEncoding = 4; lastKnownFileType = sourcecode.c.objc; name = SFHFKeychainUtils.m; path = SFHFKeychainUtils/SFHFKeychainUtils.m; sourceTree = SOURCE_ROOT; };
		61E0D4E710A4549800809C22 /* SFHFKeychainUtils.h */ = {isa = PBXFileReference; fileEncoding = 4; lastKnownFileType = sourcecode.c.h; name = SFHFKeychainUtils.h; path = SFHFKeychainUtils/SFHFKeychainUtils.h; sourceTree = SOURCE_ROOT; };
		61E0D50510A4567E00809C22 /* Security.framework */ = {isa = PBXFileReference; lastKnownFileType = wrapper.framework; name = Security.framework; path = System/Library/Frameworks/Security.framework; sourceTree = SDKROOT; };
		61E0D5AA10A4647E00809C22 /* StartPageController.h */ = {isa = PBXFileReference; fileEncoding = 4; lastKnownFileType = sourcecode.c.h; path = StartPageController.h; sourceTree = "<group>"; };
		61E0D5AB10A4647E00809C22 /* StartPageController.m */ = {isa = PBXFileReference; fileEncoding = 4; lastKnownFileType = sourcecode.c.objc; path = StartPageController.m; sourceTree = "<group>"; };
		8D1107310486CEB800E47090 /* MobilBlogg-Info.plist */ = {isa = PBXFileReference; fileEncoding = 4; lastKnownFileType = text.plist.xml; path = "MobilBlogg-Info.plist"; plistStructureDefinitionIdentifier = "com.apple.xcode.plist.structure-definition.iphone.info-plist"; sourceTree = "<group>"; };
/* End PBXFileReference section */

/* Begin PBXFrameworksBuildPhase section */
		1D60588F0D05DD3D006BFB54 /* Frameworks */ = {
			isa = PBXFrameworksBuildPhase;
			buildActionMask = 2147483647;
			files = (
				61446323109020A200AD9801 /* libThree20.a in Frameworks */,
				1D60589F0D05DD5A006BFB54 /* Foundation.framework in Frameworks */,
				1DF5F4E00D08C38300B7A737 /* UIKit.framework in Frameworks */,
				288765FD0DF74451002DB57D /* CoreGraphics.framework in Frameworks */,
				614462E710901B5300AD9801 /* QuartzCore.framework in Frameworks */,
				61E0D50610A4567E00809C22 /* Security.framework in Frameworks */,
			);
			runOnlyForDeploymentPostprocessing = 0;
		};
/* End PBXFrameworksBuildPhase section */

/* Begin PBXGroup section */
		080E96DDFE201D6D7F000001 /* Classes */ = {
			isa = PBXGroup;
			children = (
				61347E8A1093467300DD5DE7 /* PhotoView */,
				61347B7B1093072800DD5DE7 /* Others */,
				61347B7A1093071400DD5DE7 /* SearchUser */,
				61347B79109306F300DD5DE7 /* BloggList */,
				1D3623240D0F684500981E51 /* MobilBloggAppDelegate.h */,
				1D3623250D0F684500981E51 /* MobilBloggAppDelegate.m */,
				614462EF10901C3D00AD9801 /* RootController.h */,
				614462F010901C3D00AD9801 /* RootController.m */,
			);
			path = Classes;
			sourceTree = "<group>";
		};
		19C28FACFE9D520D11CA2CBB /* Products */ = {
			isa = PBXGroup;
			children = (
				1D6058910D05DD3D006BFB54 /* MobilBlogg.app */,
			);
			name = Products;
			sourceTree = "<group>";
		};
		29B97314FDCFA39411CA2CEA /* CustomTemplate */ = {
			isa = PBXGroup;
			children = (
				61BE25771090CA5900D76E03 /* Externals */,
				61446285109019BF00AD9801 /* MBAPI */,
				080E96DDFE201D6D7F000001 /* Classes */,
				29B97315FDCFA39411CA2CEA /* Other Sources */,
				29B97317FDCFA39411CA2CEA /* Resources */,
				29B97323FDCFA39411CA2CEA /* Frameworks */,
				19C28FACFE9D520D11CA2CBB /* Products */,
			);
			name = CustomTemplate;
			sourceTree = "<group>";
		};
		29B97315FDCFA39411CA2CEA /* Other Sources */ = {
			isa = PBXGroup;
			children = (
				32CA4F630368D1EE00C91783 /* MobilBlogg_Prefix.pch */,
				29B97316FDCFA39411CA2CEA /* main.m */,
			);
			name = "Other Sources";
			sourceTree = "<group>";
		};
		29B97317FDCFA39411CA2CEA /* Resources */ = {
			isa = PBXGroup;
			children = (
				6134803F10960C2E00DD5DE7 /* Three20.bundle */,
				6134801E10960AF200DD5DE7 /* Localizable.strings */,
				6134802010960AF200DD5DE7 /* ConfigController.xib */,
				8D1107310486CEB800E47090 /* MobilBlogg-Info.plist */,
			);
			name = Resources;
			sourceTree = "<group>";
		};
		29B97323FDCFA39411CA2CEA /* Frameworks */ = {
			isa = PBXGroup;
			children = (
				61E0D50510A4567E00809C22 /* Security.framework */,
				614462E610901B5300AD9801 /* QuartzCore.framework */,
				1DF5F4DF0D08C38300B7A737 /* UIKit.framework */,
				1D30AB110D05D00D00671497 /* Foundation.framework */,
				288765FC0DF74451002DB57D /* CoreGraphics.framework */,
			);
			name = Frameworks;
			sourceTree = "<group>";
		};
		61347B79109306F300DD5DE7 /* BloggList */ = {
			isa = PBXGroup;
			children = (
				61BE24371090B20C00D76E03 /* BlogListController.h */,
				61BE24381090B20C00D76E03 /* BlogListController.m */,
				61BE258D1091DAF600D76E03 /* BlogListModel.h */,
				61BE258E1091DAF600D76E03 /* BlogListModel.m */,
				613479A5109217AA00DD5DE7 /* BlogListDataSource.h */,
				613479A6109217AA00DD5DE7 /* BlogListDataSource.m */,
			);
			name = BloggList;
			sourceTree = "<group>";
		};
		61347B7A1093071400DD5DE7 /* SearchUser */ = {
			isa = PBXGroup;
			children = (
				61347BB11093096B00DD5DE7 /* SearchUserDataSource.h */,
				61347BB21093096B00DD5DE7 /* SearchUserDataSource.m */,
				61347B76109306EC00DD5DE7 /* SearchUserViewController.h */,
				61347B77109306EC00DD5DE7 /* SearchUserViewController.m */,
			);
			name = SearchUser;
			sourceTree = "<group>";
		};
		61347B7B1093072800DD5DE7 /* Others */ = {
			isa = PBXGroup;
			children = (
				61E0D5AA10A4647E00809C22 /* StartPageController.h */,
				61E0D5AB10A4647E00809C22 /* StartPageController.m */,
				61347F771095776500DD5DE7 /* FirstPageController.h */,
				61347F781095776500DD5DE7 /* FirstPageController.m */,
				614463CE109034CA00AD9801 /* ConfigController.h */,
				614463CF109034CA00AD9801 /* ConfigController.m */,
			);
			name = Others;
			sourceTree = "<group>";
		};
		61347E8A1093467300DD5DE7 /* PhotoView */ = {
			isa = PBXGroup;
			children = (
				61347E861093466D00DD5DE7 /* CommentViewController.h */,
				61347E871093466D00DD5DE7 /* CommentViewController.m */,
				61347D9D109339FF00DD5DE7 /* PhotoSource.h */,
				61347D9E109339FF00DD5DE7 /* PhotoSource.m */,
				61347A7F1092417D00DD5DE7 /* ShowPictureController.h */,
				61347A801092417D00DD5DE7 /* ShowPictureController.m */,
			);
			name = PhotoView;
			sourceTree = "<group>";
		};
		61446285109019BF00AD9801 /* MBAPI */ = {
			isa = PBXGroup;
			children = (
				61347D721093352900DD5DE7 /* MBPhoto.h */,
				61347D701093352100DD5DE7 /* MBPhoto.m */,
				6134797D1092136800DD5DE7 /* MBURLResponse.m */,
				6134797E1092136800DD5DE7 /* MBURLResponse.h */,
				6134797F1092136800DD5DE7 /* MBStore.m */,
				613479801092136800DD5DE7 /* MBStore.h */,
				61E0D48B10A430A800809C22 /* MBLogin.h */,
				61E0D48C10A430A800809C22 /* MBLogin.m */,
			);
			name = MBAPI;
			sourceTree = "<group>";
		};
		6144628E109019E100AD9801 /* JSON */ = {
			isa = PBXGroup;
			children = (
				6144628F109019E100AD9801 /* JSON.h */,
				61446290109019E100AD9801 /* NSObject+SBJSON.h */,
				61446291109019E100AD9801 /* NSObject+SBJSON.m */,
				61446292109019E100AD9801 /* NSString+SBJSON.h */,
				61446293109019E100AD9801 /* NSString+SBJSON.m */,
				61446294109019E100AD9801 /* SBJSON.h */,
				61446295109019E100AD9801 /* SBJSON.m */,
				61446296109019E100AD9801 /* SBJsonBase.h */,
				61446297109019E100AD9801 /* SBJsonBase.m */,
				61446298109019E100AD9801 /* SBJsonParser.h */,
				61446299109019E100AD9801 /* SBJsonParser.m */,
				6144629A109019E100AD9801 /* SBJsonWriter.h */,
				6144629B109019E100AD9801 /* SBJsonWriter.m */,
			);
			path = JSON;
			sourceTree = "<group>";
		};
		614462AE10901ADC00AD9801 /* Products */ = {
			isa = PBXGroup;
			children = (
				614462B510901ADC00AD9801 /* libThree20.a */,
			);
			name = Products;
			sourceTree = "<group>";
		};
		61BE25771090CA5900D76E03 /* Externals */ = {
			isa = PBXGroup;
			children = (
				61E0D4E510A4548400809C22 /* SFHFKeychainUtils */,
				61BE25901091DE7500D76E03 /* GTM */,
				6144628E109019E100AD9801 /* JSON */,
				614462AD10901ADC00AD9801 /* Three20.xcodeproj */,
			);
			name = Externals;
			sourceTree = "<group>";
		};
		61BE25901091DE7500D76E03 /* GTM */ = {
			isa = PBXGroup;
			children = (
				613479831092138000DD5DE7 /* GTMNSString+URLArguments.m */,
				613479841092138000DD5DE7 /* GTMNSString+URLArguments.h */,
				613479851092138000DD5DE7 /* GTMNSDictionary+URLArguments.m */,
				613479861092138000DD5DE7 /* GTMNSDictionary+URLArguments.h */,
				613479871092138000DD5DE7 /* GTMDefines.h */,
			);
			name = GTM;
			sourceTree = "<group>";
		};
		61E0D4E510A4548400809C22 /* SFHFKeychainUtils */ = {
			isa = PBXGroup;
			children = (
				61E0D4E610A4549800809C22 /* SFHFKeychainUtils.m */,
				61E0D4E710A4549800809C22 /* SFHFKeychainUtils.h */,
			);
			name = SFHFKeychainUtils;
			sourceTree = "<group>";
		};
/* End PBXGroup section */

/* Begin PBXNativeTarget section */
		1D6058900D05DD3D006BFB54 /* MobilBlogg */ = {
			isa = PBXNativeTarget;
			buildConfigurationList = 1D6058960D05DD3E006BFB54 /* Build configuration list for PBXNativeTarget "MobilBlogg" */;
			buildPhases = (
				1D60588D0D05DD3D006BFB54 /* Resources */,
				1D60588E0D05DD3D006BFB54 /* Sources */,
				1D60588F0D05DD3D006BFB54 /* Frameworks */,
			);
			buildRules = (
			);
			dependencies = (
				614463221090208100AD9801 /* PBXTargetDependency */,
			);
			name = MobilBlogg;
			productName = MobilBlogg;
			productReference = 1D6058910D05DD3D006BFB54 /* MobilBlogg.app */;
			productType = "com.apple.product-type.application";
		};
/* End PBXNativeTarget section */

/* Begin PBXProject section */
		29B97313FDCFA39411CA2CEA /* Project object */ = {
			isa = PBXProject;
			buildConfigurationList = C01FCF4E08A954540054247B /* Build configuration list for PBXProject "MobilBlogg" */;
			compatibilityVersion = "Xcode 3.1";
			hasScannedForEncodings = 1;
			knownRegions = (
				English,
				Japanese,
				French,
				German,
				Swedish,
				en,
				se,
				sv,
			);
			mainGroup = 29B97314FDCFA39411CA2CEA /* CustomTemplate */;
			projectDirPath = "";
			projectReferences = (
				{
					ProductGroup = 614462AE10901ADC00AD9801 /* Products */;
					ProjectRef = 614462AD10901ADC00AD9801 /* Three20.xcodeproj */;
				},
			);
			projectRoot = "";
			targets = (
				1D6058900D05DD3D006BFB54 /* MobilBlogg */,
			);
		};
/* End PBXProject section */

/* Begin PBXReferenceProxy section */
		614462B510901ADC00AD9801 /* libThree20.a */ = {
			isa = PBXReferenceProxy;
			fileType = archive.ar;
			path = libThree20.a;
			remoteRef = 614462B410901ADC00AD9801 /* PBXContainerItemProxy */;
			sourceTree = BUILT_PRODUCTS_DIR;
		};
/* End PBXReferenceProxy section */

/* Begin PBXResourcesBuildPhase section */
		1D60588D0D05DD3D006BFB54 /* Resources */ = {
			isa = PBXResourcesBuildPhase;
			buildActionMask = 2147483647;
			files = (
				6134802210960AF200DD5DE7 /* Localizable.strings in Resources */,
				6134802310960AF200DD5DE7 /* ConfigController.xib in Resources */,
				6134804010960C2E00DD5DE7 /* Three20.bundle in Resources */,
			);
			runOnlyForDeploymentPostprocessing = 0;
		};
/* End PBXResourcesBuildPhase section */

/* Begin PBXSourcesBuildPhase section */
		1D60588E0D05DD3D006BFB54 /* Sources */ = {
			isa = PBXSourcesBuildPhase;
			buildActionMask = 2147483647;
			files = (
				1D60589B0D05DD56006BFB54 /* main.m in Sources */,
				1D3623260D0F684500981E51 /* MobilBloggAppDelegate.m in Sources */,
				6144629C109019E100AD9801 /* NSObject+SBJSON.m in Sources */,
				6144629D109019E100AD9801 /* NSString+SBJSON.m in Sources */,
				6144629E109019E100AD9801 /* SBJSON.m in Sources */,
				6144629F109019E100AD9801 /* SBJsonBase.m in Sources */,
				614462A0109019E100AD9801 /* SBJsonParser.m in Sources */,
				614462A1109019E100AD9801 /* SBJsonWriter.m in Sources */,
				61347FCE10957E3800DD5DE7 /* RootController.m in Sources */,
				614463D1109034CA00AD9801 /* ConfigController.m in Sources */,
				61BE24391090B20C00D76E03 /* BlogListController.m in Sources */,
				61BE258F1091DAF600D76E03 /* BlogListModel.m in Sources */,
				613479811092136800DD5DE7 /* MBURLResponse.m in Sources */,
				613479821092136800DD5DE7 /* MBStore.m in Sources */,
				613479881092138000DD5DE7 /* GTMNSString+URLArguments.m in Sources */,
				613479891092138000DD5DE7 /* GTMNSDictionary+URLArguments.m in Sources */,
				613479A7109217AA00DD5DE7 /* BlogListDataSource.m in Sources */,
				61347A811092417D00DD5DE7 /* ShowPictureController.m in Sources */,
				61347B78109306EC00DD5DE7 /* SearchUserViewController.m in Sources */,
				61347BB31093096B00DD5DE7 /* SearchUserDataSource.m in Sources */,
				61347D711093352100DD5DE7 /* MBPhoto.m in Sources */,
				61347D9F109339FF00DD5DE7 /* PhotoSource.m in Sources */,
				61347E881093466D00DD5DE7 /* CommentViewController.m in Sources */,
				61347F791095776500DD5DE7 /* FirstPageController.m in Sources */,
				61E0D48D10A430A800809C22 /* MBLogin.m in Sources */,
				61E0D4E810A4549800809C22 /* SFHFKeychainUtils.m in Sources */,
				61E0D5AC10A4647E00809C22 /* StartPageController.m in Sources */,
			);
			runOnlyForDeploymentPostprocessing = 0;
		};
/* End PBXSourcesBuildPhase section */

/* Begin PBXTargetDependency section */
		614463221090208100AD9801 /* PBXTargetDependency */ = {
			isa = PBXTargetDependency;
			name = Three20;
			targetProxy = 614463211090208100AD9801 /* PBXContainerItemProxy */;
		};
/* End PBXTargetDependency section */

/* Begin PBXVariantGroup section */
		6134801E10960AF200DD5DE7 /* Localizable.strings */ = {
			isa = PBXVariantGroup;
			children = (
				6134802410960AFE00DD5DE7 /* en */,
				6134802610960B6100DD5DE7 /* sv */,
			);
			name = Localizable.strings;
			sourceTree = "<group>";
		};
		6134802010960AF200DD5DE7 /* ConfigController.xib */ = {
			isa = PBXVariantGroup;
			children = (
				6134802110960AF200DD5DE7 /* sv */,
				6134802510960AFE00DD5DE7 /* en */,
			);
			name = ConfigController.xib;
			sourceTree = "<group>";
		};
/* End PBXVariantGroup section */

/* Begin XCBuildConfiguration section */
		1D6058940D05DD3E006BFB54 /* Debug */ = {
			isa = XCBuildConfiguration;
			buildSettings = {
				ALWAYS_SEARCH_USER_PATHS = NO;
				COPY_PHASE_STRIP = NO;
				GCC_DYNAMIC_NO_PIC = NO;
				GCC_OPTIMIZATION_LEVEL = 0;
				GCC_PRECOMPILE_PREFIX_HEADER = YES;
				GCC_PREFIX_HEADER = MobilBlogg_Prefix.pch;
				HEADER_SEARCH_PATHS = ../three20/src;
				INFOPLIST_FILE = "MobilBlogg-Info.plist";
				OTHER_LDFLAGS = (
					"-all_load",
					"-ObjC",
				);
				PRODUCT_NAME = MobilBlogg;
			};
			name = Debug;
		};
		1D6058950D05DD3E006BFB54 /* Release */ = {
			isa = XCBuildConfiguration;
			buildSettings = {
				ALWAYS_SEARCH_USER_PATHS = NO;
				COPY_PHASE_STRIP = YES;
				GCC_PRECOMPILE_PREFIX_HEADER = YES;
				GCC_PREFIX_HEADER = MobilBlogg_Prefix.pch;
				HEADER_SEARCH_PATHS = ../three20/src;
				INFOPLIST_FILE = "MobilBlogg-Info.plist";
				OTHER_LDFLAGS = (
					"-all_load",
					"-ObjC",
				);
				PRODUCT_NAME = MobilBlogg;
			};
			name = Release;
		};
		C01FCF4F08A954540054247B /* Debug */ = {
			isa = XCBuildConfiguration;
			buildSettings = {
				ARCHS = "$(ARCHS_STANDARD_32_BIT)";
				"CODE_SIGN_IDENTITY[sdk=iphoneos*]" = "iPhone Developer";
				GCC_C_LANGUAGE_STANDARD = c99;
				GCC_WARN_ABOUT_RETURN_TYPE = YES;
				GCC_WARN_UNUSED_VARIABLE = YES;
				PREBINDING = NO;
				SDKROOT = iphoneos3.1.2;
			};
			name = Debug;
		};
		C01FCF5008A954540054247B /* Release */ = {
			isa = XCBuildConfiguration;
			buildSettings = {
				ARCHS = "$(ARCHS_STANDARD_32_BIT)";
				"CODE_SIGN_IDENTITY[sdk=iphoneos*]" = "iPhone Developer";
				GCC_C_LANGUAGE_STANDARD = c99;
				GCC_WARN_ABOUT_RETURN_TYPE = YES;
				GCC_WARN_UNUSED_VARIABLE = YES;
				PREBINDING = NO;
				SDKROOT = iphoneos3.1.2;
			};
			name = Release;
		};
/* End XCBuildConfiguration section */

/* Begin XCConfigurationList section */
		1D6058960D05DD3E006BFB54 /* Build configuration list for PBXNativeTarget "MobilBlogg" */ = {
			isa = XCConfigurationList;
			buildConfigurations = (
				1D6058940D05DD3E006BFB54 /* Debug */,
				1D6058950D05DD3E006BFB54 /* Release */,
			);
			defaultConfigurationIsVisible = 0;
			defaultConfigurationName = Release;
		};
		C01FCF4E08A954540054247B /* Build configuration list for PBXProject "MobilBlogg" */ = {
			isa = XCConfigurationList;
			buildConfigurations = (
				C01FCF4F08A954540054247B /* Debug */,
				C01FCF5008A954540054247B /* Release */,
			);
			defaultConfigurationIsVisible = 0;
			defaultConfigurationName = Release;
		};
/* End XCConfigurationList section */
	};
	rootObject = 29B97313FDCFA39411CA2CEA /* Project object */;
}
